
Microsoft Visual Studio Solution File, Format Version 12.00
# Visual Studio Version 17
VisualStudioVersion = 17.0.32014.148
MinimumVisualStudioVersion = 10.0.40219.1
Project("{9A19103F-16F7-4668-BE54-9A1E7A4F7556}") = "Cadenza.Domain", "Cadenza.Domain\Cadenza.Domain.csproj", "{4AACD051-9118-4E09-AE22-73C7B8AC24AB}"
EndProject
Project("{9A19103F-16F7-4668-BE54-9A1E7A4F7556}") = "Cadenza.Utilities", "..\Cadenza.Utilities\Cadenza.Utilities.csproj", "{921B3964-3CAA-44F6-9A1E-2457A8C43A1B}"
EndProject
Global
	GlobalSection(SolutionConfigurationPlatforms) = preSolution
		Debug|Any CPU = Debug|Any CPU
		Release|Any CPU = Release|Any CPU
	EndGlobalSection
	GlobalSection(ProjectConfigurationPlatforms) = postSolution
		{4AACD051-9118-4E09-AE22-73C7B8AC24AB}.Debug|Any CPU.ActiveCfg = Debug|Any CPU
		{4AACD051-9118-4E09-AE22-73C7B8AC24AB}.Debug|Any CPU.Build.0 = Debug|Any CPU
		{4AACD051-9118-4E09-AE22-73C7B8AC24AB}.Release|Any CPU.ActiveCfg = Release|Any CPU
		{4AACD051-9118-4E09-AE22-73C7B8AC24AB}.Release|Any CPU.Build.0 = Release|Any CPU
		{921B3964-3CAA-44F6-9A1E-2457A8C43A1B}.Debug|Any CPU.ActiveCfg = Debug|Any CPU
		{921B3964-3CAA-44F6-9A1E-2457A8C43A1B}.Debug|Any CPU.Build.0 = Debug|Any CPU
		{921B3964-3CAA-44F6-9A1E-2457A8C43A1B}.Release|Any CPU.ActiveCfg = Release|Any CPU
		{921B3964-3CAA-44F6-9A1E-2457A8C43A1B}.Release|Any CPU.Build.0 = Release|Any CPU
	EndGlobalSection
	GlobalSection(SolutionProperties) = preSolution
		HideSolutionNode = FALSE
	EndGlobalSection
	GlobalSection(ExtensibilityGlobals) = postSolution
		SolutionGuid = {6DB12A33-7D2A-4B5E-ABC3-9CB37FC8C580}
	EndGlobalSection
EndGlobal
