
Microsoft Visual Studio Solution File, Format Version 12.00
# Visual Studio Version 17
VisualStudioVersion = 17.0.32014.148
MinimumVisualStudioVersion = 10.0.40219.1
Project("{9A19103F-16F7-4668-BE54-9A1E7A4F7556}") = "Cadenza.Domain", "Cadenza.Domain\Cadenza.Domain.csproj", "{4AACD051-9118-4E09-AE22-73C7B8AC24AB}"
EndProject
Project("{9A19103F-16F7-4668-BE54-9A1E7A4F7556}") = "Cadenza.Utilities", "Cadenza.Utilities\Cadenza.Utilities.csproj", "{CA4D3C59-C60A-49F5-B752-893FD1C125EF}"
EndProject
Project("{9A19103F-16F7-4668-BE54-9A1E7A4F7556}") = "Cadenza.Library", "Cadenza.Library\Cadenza.Library.csproj", "{E60EA7DB-0673-4979-AE0B-EC7D028D7D6B}"
EndProject
Project("{FAE04EC0-301F-11D3-BF4B-00C04F79EFBC}") = "Cadenza.Update", "Cadenza.Update\Cadenza.Update.csproj", "{7E92D60A-D32A-438F-8CAA-67E72AC10EFF}"
EndProject
Project("{9A19103F-16F7-4668-BE54-9A1E7A4F7556}") = "Cadenza.Library.Tests", "Cadenza.Library.Tests\Cadenza.Library.Tests.csproj", "{E3BE1F7A-36E2-42A9-95B5-FF6F410B9D46}"
EndProject
Project("{9A19103F-16F7-4668-BE54-9A1E7A4F7556}") = "Cadenza.Utilities.Tests", "Cadenza.Utilities.Tests\Cadenza.Utilities.Tests.csproj", "{B047A9C3-588F-4B11-8F81-34465197BDA9}"
EndProject
Project("{2150E333-8FDC-42A3-9474-1A3956D46DE8}") = "Tests", "Tests", "{D76321D6-AD3F-4218-B8C7-DA4516C1F9F6}"
EndProject
Global
	GlobalSection(SolutionConfigurationPlatforms) = preSolution
		Debug|Any CPU = Debug|Any CPU
		Release|Any CPU = Release|Any CPU
	EndGlobalSection
	GlobalSection(ProjectConfigurationPlatforms) = postSolution
		{4AACD051-9118-4E09-AE22-73C7B8AC24AB}.Debug|Any CPU.ActiveCfg = Debug|Any CPU
		{4AACD051-9118-4E09-AE22-73C7B8AC24AB}.Debug|Any CPU.Build.0 = Debug|Any CPU
		{4AACD051-9118-4E09-AE22-73C7B8AC24AB}.Release|Any CPU.ActiveCfg = Release|Any CPU
		{4AACD051-9118-4E09-AE22-73C7B8AC24AB}.Release|Any CPU.Build.0 = Release|Any CPU
		{CA4D3C59-C60A-49F5-B752-893FD1C125EF}.Debug|Any CPU.ActiveCfg = Debug|Any CPU
		{CA4D3C59-C60A-49F5-B752-893FD1C125EF}.Debug|Any CPU.Build.0 = Debug|Any CPU
		{CA4D3C59-C60A-49F5-B752-893FD1C125EF}.Release|Any CPU.ActiveCfg = Release|Any CPU
		{CA4D3C59-C60A-49F5-B752-893FD1C125EF}.Release|Any CPU.Build.0 = Release|Any CPU
		{E60EA7DB-0673-4979-AE0B-EC7D028D7D6B}.Debug|Any CPU.ActiveCfg = Debug|Any CPU
		{E60EA7DB-0673-4979-AE0B-EC7D028D7D6B}.Debug|Any CPU.Build.0 = Debug|Any CPU
		{E60EA7DB-0673-4979-AE0B-EC7D028D7D6B}.Release|Any CPU.ActiveCfg = Release|Any CPU
		{E60EA7DB-0673-4979-AE0B-EC7D028D7D6B}.Release|Any CPU.Build.0 = Release|Any CPU
		{7E92D60A-D32A-438F-8CAA-67E72AC10EFF}.Debug|Any CPU.ActiveCfg = Debug|Any CPU
		{7E92D60A-D32A-438F-8CAA-67E72AC10EFF}.Debug|Any CPU.Build.0 = Debug|Any CPU
		{7E92D60A-D32A-438F-8CAA-67E72AC10EFF}.Release|Any CPU.ActiveCfg = Release|Any CPU
		{7E92D60A-D32A-438F-8CAA-67E72AC10EFF}.Release|Any CPU.Build.0 = Release|Any CPU
		{E3BE1F7A-36E2-42A9-95B5-FF6F410B9D46}.Debug|Any CPU.ActiveCfg = Debug|Any CPU
		{E3BE1F7A-36E2-42A9-95B5-FF6F410B9D46}.Debug|Any CPU.Build.0 = Debug|Any CPU
		{E3BE1F7A-36E2-42A9-95B5-FF6F410B9D46}.Release|Any CPU.ActiveCfg = Release|Any CPU
		{E3BE1F7A-36E2-42A9-95B5-FF6F410B9D46}.Release|Any CPU.Build.0 = Release|Any CPU
		{B047A9C3-588F-4B11-8F81-34465197BDA9}.Debug|Any CPU.ActiveCfg = Debug|Any CPU
		{B047A9C3-588F-4B11-8F81-34465197BDA9}.Debug|Any CPU.Build.0 = Debug|Any CPU
		{B047A9C3-588F-4B11-8F81-34465197BDA9}.Release|Any CPU.ActiveCfg = Release|Any CPU
		{B047A9C3-588F-4B11-8F81-34465197BDA9}.Release|Any CPU.Build.0 = Release|Any CPU
	EndGlobalSection
	GlobalSection(SolutionProperties) = preSolution
		HideSolutionNode = FALSE
	EndGlobalSection
	GlobalSection(NestedProjects) = preSolution
		{E3BE1F7A-36E2-42A9-95B5-FF6F410B9D46} = {D76321D6-AD3F-4218-B8C7-DA4516C1F9F6}
		{B047A9C3-588F-4B11-8F81-34465197BDA9} = {D76321D6-AD3F-4218-B8C7-DA4516C1F9F6}
	EndGlobalSection
	GlobalSection(ExtensibilityGlobals) = postSolution
		SolutionGuid = {6DB12A33-7D2A-4B5E-ABC3-9CB37FC8C580}
	EndGlobalSection
EndGlobal
