
Microsoft Visual Studio Solution File, Format Version 12.00
# Visual Studio Version 17
VisualStudioVersion = 17.0.31903.59
MinimumVisualStudioVersion = 10.0.40219.1
Project("{9A19103F-16F7-4668-BE54-9A1E7A4F7556}") = "Cadenza.Common", "Cadenza.Common\Cadenza.Common.csproj", "{5F1FDA78-87BB-4F8B-8C38-03108D586776}"
EndProject
Project("{9A19103F-16F7-4668-BE54-9A1E7A4F7556}") = "Cadenza.Local", "Cadenza.Local\Cadenza.Local.csproj", "{7BCE6701-FD56-4B4D-B23D-C2CDF72A5DF5}"
EndProject
Project("{9A19103F-16F7-4668-BE54-9A1E7A4F7556}") = "Cadenza.Library", "Cadenza.Library\Cadenza.Library.csproj", "{436C87C8-058F-4F28-BC36-7E23B6B58961}"
EndProject
Project("{9A19103F-16F7-4668-BE54-9A1E7A4F7556}") = "Cadenza.Local.SyncService", "Cadenza.Local.SyncService\Cadenza.Local.SyncService.csproj", "{EAF6FAB1-3D15-4F70-8FBB-9353D4182D3A}"
EndProject
Project("{9A19103F-16F7-4668-BE54-9A1E7A4F7556}") = "Cadenza.Local.API", "Cadenza.Local.API\Cadenza.Local.API.csproj", "{5AE70751-35EC-4DAF-9B88-334F9B546561}"
EndProject
Project("{9A19103F-16F7-4668-BE54-9A1E7A4F7556}") = "Cadenza.Source.Local", "Cadenza.Source.Local\Cadenza.Source.Local.csproj", "{CA7E6D95-8A17-4E07-8473-B7E630E1B352}"
EndProject
Project("{9A19103F-16F7-4668-BE54-9A1E7A4F7556}") = "Cadenza.Source.Spotify", "Cadenza.Source.Spotify\Cadenza.Source.Spotify.csproj", "{A2F6276C-352D-42B1-86A5-59C6F300BA30}"
EndProject
Project("{9A19103F-16F7-4668-BE54-9A1E7A4F7556}") = "Cadenza.LastFM", "Cadenza.LastFM\Cadenza.LastFM.csproj", "{5997E112-98BB-4FE8-81E1-74964C3D9047}"
EndProject
Project("{9A19103F-16F7-4668-BE54-9A1E7A4F7556}") = "Cadenza.Azure", "Cadenza.Azure\Cadenza.Azure.csproj", "{922D1BEC-BDE5-4ACF-830A-8FE20411311A}"
EndProject
Project("{9A19103F-16F7-4668-BE54-9A1E7A4F7556}") = "Cadenza", "Cadenza\Cadenza.csproj", "{2B3621BC-990F-4912-B9F1-BA741E75779A}"
EndProject
Project("{9A19103F-16F7-4668-BE54-9A1E7A4F7556}") = "Cadenza.Player", "Cadenza.Player\Cadenza.Player.csproj", "{66247EE8-EA49-4EBB-B621-C6B2BF7D6297}"
EndProject
Project("{9A19103F-16F7-4668-BE54-9A1E7A4F7556}") = "Cadenza.API", "Cadenza.API\Cadenza.API.csproj", "{80AC12FD-BBF0-4A39-AE76-BA836206587F}"
EndProject
Project("{2150E333-8FDC-42A3-9474-1A3956D46DE8}") = "Blazor", "Blazor", "{9217900E-F1C6-4A17-84E8-83596FE4AE31}"
EndProject
Project("{2150E333-8FDC-42A3-9474-1A3956D46DE8}") = "Sources", "Sources", "{48E201A1-2F02-4424-A3B7-0E92564A19E2}"
EndProject
Project("{2150E333-8FDC-42A3-9474-1A3956D46DE8}") = "Local", "Local", "{B026E2E2-0C58-48DA-8C0A-AD5B4F38BD76}"
EndProject
Project("{2150E333-8FDC-42A3-9474-1A3956D46DE8}") = "API", "API", "{096EFB65-69B0-4FEF-88A4-775DDFC3BEC1}"
EndProject
Project("{9A19103F-16F7-4668-BE54-9A1E7A4F7556}") = "Cadenza.Database", "Cadenza.Database\Cadenza.Database.csproj", "{864422F5-B367-446C-8D74-AF9B5D5983FB}"
EndProject
Project("{FAE04EC0-301F-11D3-BF4B-00C04F79EFBC}") = "Cadenza.Spotify", "Cadenza.Spotify\Cadenza.Spotify.csproj", "{C2914FD7-6830-4CE2-BA6A-C62C03305B67}"
EndProject
Global
	GlobalSection(SolutionConfigurationPlatforms) = preSolution
		Debug|Any CPU = Debug|Any CPU
		Release|Any CPU = Release|Any CPU
	EndGlobalSection
	GlobalSection(ProjectConfigurationPlatforms) = postSolution
		{5F1FDA78-87BB-4F8B-8C38-03108D586776}.Debug|Any CPU.ActiveCfg = Debug|Any CPU
		{5F1FDA78-87BB-4F8B-8C38-03108D586776}.Debug|Any CPU.Build.0 = Debug|Any CPU
		{5F1FDA78-87BB-4F8B-8C38-03108D586776}.Release|Any CPU.ActiveCfg = Release|Any CPU
		{5F1FDA78-87BB-4F8B-8C38-03108D586776}.Release|Any CPU.Build.0 = Release|Any CPU
		{7BCE6701-FD56-4B4D-B23D-C2CDF72A5DF5}.Debug|Any CPU.ActiveCfg = Debug|Any CPU
		{7BCE6701-FD56-4B4D-B23D-C2CDF72A5DF5}.Debug|Any CPU.Build.0 = Debug|Any CPU
		{7BCE6701-FD56-4B4D-B23D-C2CDF72A5DF5}.Release|Any CPU.ActiveCfg = Release|Any CPU
		{7BCE6701-FD56-4B4D-B23D-C2CDF72A5DF5}.Release|Any CPU.Build.0 = Release|Any CPU
		{436C87C8-058F-4F28-BC36-7E23B6B58961}.Debug|Any CPU.ActiveCfg = Debug|Any CPU
		{436C87C8-058F-4F28-BC36-7E23B6B58961}.Debug|Any CPU.Build.0 = Debug|Any CPU
		{436C87C8-058F-4F28-BC36-7E23B6B58961}.Release|Any CPU.ActiveCfg = Release|Any CPU
		{436C87C8-058F-4F28-BC36-7E23B6B58961}.Release|Any CPU.Build.0 = Release|Any CPU
		{EAF6FAB1-3D15-4F70-8FBB-9353D4182D3A}.Debug|Any CPU.ActiveCfg = Debug|Any CPU
		{EAF6FAB1-3D15-4F70-8FBB-9353D4182D3A}.Debug|Any CPU.Build.0 = Debug|Any CPU
		{EAF6FAB1-3D15-4F70-8FBB-9353D4182D3A}.Release|Any CPU.ActiveCfg = Release|Any CPU
		{EAF6FAB1-3D15-4F70-8FBB-9353D4182D3A}.Release|Any CPU.Build.0 = Release|Any CPU
		{5AE70751-35EC-4DAF-9B88-334F9B546561}.Debug|Any CPU.ActiveCfg = Debug|Any CPU
		{5AE70751-35EC-4DAF-9B88-334F9B546561}.Debug|Any CPU.Build.0 = Debug|Any CPU
		{5AE70751-35EC-4DAF-9B88-334F9B546561}.Release|Any CPU.ActiveCfg = Release|Any CPU
		{5AE70751-35EC-4DAF-9B88-334F9B546561}.Release|Any CPU.Build.0 = Release|Any CPU
		{CA7E6D95-8A17-4E07-8473-B7E630E1B352}.Debug|Any CPU.ActiveCfg = Debug|Any CPU
		{CA7E6D95-8A17-4E07-8473-B7E630E1B352}.Debug|Any CPU.Build.0 = Debug|Any CPU
		{CA7E6D95-8A17-4E07-8473-B7E630E1B352}.Release|Any CPU.ActiveCfg = Release|Any CPU
		{CA7E6D95-8A17-4E07-8473-B7E630E1B352}.Release|Any CPU.Build.0 = Release|Any CPU
		{A2F6276C-352D-42B1-86A5-59C6F300BA30}.Debug|Any CPU.ActiveCfg = Debug|Any CPU
		{A2F6276C-352D-42B1-86A5-59C6F300BA30}.Debug|Any CPU.Build.0 = Debug|Any CPU
		{A2F6276C-352D-42B1-86A5-59C6F300BA30}.Release|Any CPU.ActiveCfg = Release|Any CPU
		{A2F6276C-352D-42B1-86A5-59C6F300BA30}.Release|Any CPU.Build.0 = Release|Any CPU
		{5997E112-98BB-4FE8-81E1-74964C3D9047}.Debug|Any CPU.ActiveCfg = Debug|Any CPU
		{5997E112-98BB-4FE8-81E1-74964C3D9047}.Debug|Any CPU.Build.0 = Debug|Any CPU
		{5997E112-98BB-4FE8-81E1-74964C3D9047}.Release|Any CPU.ActiveCfg = Release|Any CPU
		{5997E112-98BB-4FE8-81E1-74964C3D9047}.Release|Any CPU.Build.0 = Release|Any CPU
		{922D1BEC-BDE5-4ACF-830A-8FE20411311A}.Debug|Any CPU.ActiveCfg = Debug|Any CPU
		{922D1BEC-BDE5-4ACF-830A-8FE20411311A}.Debug|Any CPU.Build.0 = Debug|Any CPU
		{922D1BEC-BDE5-4ACF-830A-8FE20411311A}.Release|Any CPU.ActiveCfg = Release|Any CPU
		{922D1BEC-BDE5-4ACF-830A-8FE20411311A}.Release|Any CPU.Build.0 = Release|Any CPU
		{2B3621BC-990F-4912-B9F1-BA741E75779A}.Debug|Any CPU.ActiveCfg = Debug|Any CPU
		{2B3621BC-990F-4912-B9F1-BA741E75779A}.Debug|Any CPU.Build.0 = Debug|Any CPU
		{2B3621BC-990F-4912-B9F1-BA741E75779A}.Release|Any CPU.ActiveCfg = Release|Any CPU
		{2B3621BC-990F-4912-B9F1-BA741E75779A}.Release|Any CPU.Build.0 = Release|Any CPU
		{66247EE8-EA49-4EBB-B621-C6B2BF7D6297}.Debug|Any CPU.ActiveCfg = Debug|Any CPU
		{66247EE8-EA49-4EBB-B621-C6B2BF7D6297}.Debug|Any CPU.Build.0 = Debug|Any CPU
		{66247EE8-EA49-4EBB-B621-C6B2BF7D6297}.Release|Any CPU.ActiveCfg = Release|Any CPU
		{66247EE8-EA49-4EBB-B621-C6B2BF7D6297}.Release|Any CPU.Build.0 = Release|Any CPU
		{80AC12FD-BBF0-4A39-AE76-BA836206587F}.Debug|Any CPU.ActiveCfg = Debug|Any CPU
		{80AC12FD-BBF0-4A39-AE76-BA836206587F}.Debug|Any CPU.Build.0 = Debug|Any CPU
		{80AC12FD-BBF0-4A39-AE76-BA836206587F}.Release|Any CPU.ActiveCfg = Release|Any CPU
		{80AC12FD-BBF0-4A39-AE76-BA836206587F}.Release|Any CPU.Build.0 = Release|Any CPU
		{864422F5-B367-446C-8D74-AF9B5D5983FB}.Debug|Any CPU.ActiveCfg = Debug|Any CPU
		{864422F5-B367-446C-8D74-AF9B5D5983FB}.Debug|Any CPU.Build.0 = Debug|Any CPU
		{864422F5-B367-446C-8D74-AF9B5D5983FB}.Release|Any CPU.ActiveCfg = Release|Any CPU
		{864422F5-B367-446C-8D74-AF9B5D5983FB}.Release|Any CPU.Build.0 = Release|Any CPU
		{C2914FD7-6830-4CE2-BA6A-C62C03305B67}.Debug|Any CPU.ActiveCfg = Debug|Any CPU
		{C2914FD7-6830-4CE2-BA6A-C62C03305B67}.Debug|Any CPU.Build.0 = Debug|Any CPU
		{C2914FD7-6830-4CE2-BA6A-C62C03305B67}.Release|Any CPU.ActiveCfg = Release|Any CPU
		{C2914FD7-6830-4CE2-BA6A-C62C03305B67}.Release|Any CPU.Build.0 = Release|Any CPU
	EndGlobalSection
	GlobalSection(SolutionProperties) = preSolution
		HideSolutionNode = FALSE
	EndGlobalSection
	GlobalSection(NestedProjects) = preSolution
		{7BCE6701-FD56-4B4D-B23D-C2CDF72A5DF5} = {B026E2E2-0C58-48DA-8C0A-AD5B4F38BD76}
		{EAF6FAB1-3D15-4F70-8FBB-9353D4182D3A} = {B026E2E2-0C58-48DA-8C0A-AD5B4F38BD76}
		{5AE70751-35EC-4DAF-9B88-334F9B546561} = {B026E2E2-0C58-48DA-8C0A-AD5B4F38BD76}
		{CA7E6D95-8A17-4E07-8473-B7E630E1B352} = {48E201A1-2F02-4424-A3B7-0E92564A19E2}
		{A2F6276C-352D-42B1-86A5-59C6F300BA30} = {48E201A1-2F02-4424-A3B7-0E92564A19E2}
		{5997E112-98BB-4FE8-81E1-74964C3D9047} = {096EFB65-69B0-4FEF-88A4-775DDFC3BEC1}
		{922D1BEC-BDE5-4ACF-830A-8FE20411311A} = {096EFB65-69B0-4FEF-88A4-775DDFC3BEC1}
		{2B3621BC-990F-4912-B9F1-BA741E75779A} = {9217900E-F1C6-4A17-84E8-83596FE4AE31}
		{66247EE8-EA49-4EBB-B621-C6B2BF7D6297} = {9217900E-F1C6-4A17-84E8-83596FE4AE31}
		{80AC12FD-BBF0-4A39-AE76-BA836206587F} = {096EFB65-69B0-4FEF-88A4-775DDFC3BEC1}
		{C2914FD7-6830-4CE2-BA6A-C62C03305B67} = {096EFB65-69B0-4FEF-88A4-775DDFC3BEC1}
	EndGlobalSection
	GlobalSection(ExtensibilityGlobals) = postSolution
		SolutionGuid = {EC17F3E1-56B9-47E8-83C4-C7358F820CD1}
	EndGlobalSection
EndGlobal
