
Microsoft Visual Studio Solution File, Format Version 12.00
# Visual Studio Version 17
VisualStudioVersion = 17.0.31903.59
MinimumVisualStudioVersion = 10.0.40219.1
Project("{2150E333-8FDC-42A3-9474-1A3956D46DE8}") = "Blazor", "Blazor", "{1D87E2CA-5053-4DB2-ABBB-D933C9C71435}"
EndProject
Project("{2150E333-8FDC-42A3-9474-1A3956D46DE8}") = "API", "API", "{89F6ECE8-7907-4F76-9165-39696EA42F68}"
EndProject
Project("{2150E333-8FDC-42A3-9474-1A3956D46DE8}") = "Local", "Local", "{8F390E8D-A249-454A-8446-6E9443D96585}"
EndProject
Project("{2150E333-8FDC-42A3-9474-1A3956D46DE8}") = "Common", "Common", "{6854655D-1895-45C9-B100-5161B8F9C14C}"
EndProject
Project("{9A19103F-16F7-4668-BE54-9A1E7A4F7556}") = "Cadenza", "Cadenza\Cadenza\Cadenza.csproj", "{727820FC-72DE-49E4-8273-143C5EC338FA}"
EndProject
Project("{9A19103F-16F7-4668-BE54-9A1E7A4F7556}") = "Cadenza.Local.API", "Cadenza.Local\Cadenza.Local.API\Cadenza.Local.API.csproj", "{DB1EFD38-EFC4-45A0-BD5E-8A7D026CA125}"
EndProject
Project("{9A19103F-16F7-4668-BE54-9A1E7A4F7556}") = "Cadenza.Local.SyncService", "Cadenza.Local\Cadenza.Local.SyncService\Cadenza.Local.SyncService.csproj", "{6CFF071B-4FFB-462C-B8DA-DF2953D22442}"
EndProject
Project("{9A19103F-16F7-4668-BE54-9A1E7A4F7556}") = "Cadenza.API", "Cadenza.API\Cadenza.API\Cadenza.API\Cadenza.API.csproj", "{09F3D5A2-0BCF-4372-A759-1B212342EC93}"
EndProject
Project("{9A19103F-16F7-4668-BE54-9A1E7A4F7556}") = "Cadenza.API.Core", "Cadenza.API\Cadenza.API.Core\Cadenza.API.Core.csproj", "{201BD327-31C4-432A-9595-892A37B119D1}"
EndProject
Project("{9A19103F-16F7-4668-BE54-9A1E7A4F7556}") = "Cadenza.API.LastFM", "Cadenza.API\Cadenza.API.LastFM\Cadenza.API.LastFM.csproj", "{7EC9033C-06D6-4A78-A5D4-DF7D7A038C0C}"
EndProject
Project("{9A19103F-16F7-4668-BE54-9A1E7A4F7556}") = "Cadenza.Web.Core", "Cadenza\Cadenza.Web.Core\Cadenza.Web.Core.csproj", "{E2086781-D052-47AA-9600-D1AFFD83A4C1}"
EndProject
Project("{9A19103F-16F7-4668-BE54-9A1E7A4F7556}") = "Cadenza.Web.Database", "Cadenza\Cadenza.Web.Database\Cadenza.Web.Database.csproj", "{15CE547D-7282-4C2D-8021-6F326195F9CC}"
EndProject
Project("{9A19103F-16F7-4668-BE54-9A1E7A4F7556}") = "Cadenza.Web.LastFM", "Cadenza\Cadenza.Web.LastFM\Cadenza.Web.LastFM.csproj", "{ECF8BDF5-741E-4293-9A84-9BA81F20C1C3}"
EndProject
Project("{9A19103F-16F7-4668-BE54-9A1E7A4F7556}") = "Cadenza.Web.Common", "Cadenza\Cadenza.Web.Common\Cadenza.Web.Common.csproj", "{AE154420-E8A7-48A4-BF81-0D9EAC310DBC}"
EndProject
Project("{2150E333-8FDC-42A3-9474-1A3956D46DE8}") = "Connections", "Connections", "{38BED4B0-949D-4861-B741-C64C60E4E72D}"
EndProject
Project("{9A19103F-16F7-4668-BE54-9A1E7A4F7556}") = "Cadenza.Web.Source.Local", "Cadenza\Cadenza.Web.Source.Local\Cadenza.Web.Source.Local.csproj", "{B6787034-6B63-47A7-952B-6A015FB6CFB2}"
EndProject
Project("{9A19103F-16F7-4668-BE54-9A1E7A4F7556}") = "Cadenza.SyncService", "Cadenza.SyncService\Cadenza.SyncService.csproj", "{C35256D3-2DA1-417A-A927-262A84B30AF9}"
EndProject
Project("{9A19103F-16F7-4668-BE54-9A1E7A4F7556}") = "Cadenza.Local.API.Core", "Cadenza.Local\Cadenza.Local.API.Core\Cadenza.Local.API.Core.csproj", "{6DBF2C02-2E02-469D-BA83-53A0E14D06BC}"
EndProject
Project("{9A19103F-16F7-4668-BE54-9A1E7A4F7556}") = "Cadenza.Local.API.Files", "Cadenza.Local\Cadenza.Local.API.Files\Cadenza.Local.API.Files.csproj", "{7054B490-B554-45F5-93A9-D6A060A1444C}"
EndProject
Project("{9A19103F-16F7-4668-BE54-9A1E7A4F7556}") = "Cadenza.Local.API.Common", "Cadenza.Local\Cadenza.Local.API.Common\Cadenza.Local.API.Common.csproj", "{1915E128-432D-4E4D-BFBB-B1A1EDE6C0FA}"
EndProject
Project("{9A19103F-16F7-4668-BE54-9A1E7A4F7556}") = "Cadenza.API.Interfaces", "Cadenza.API\Cadenza.API.Interfaces\Cadenza.API.Interfaces.csproj", "{C090CFB0-580E-49C7-B61E-23C96696220D}"
EndProject
Project("{2150E333-8FDC-42A3-9474-1A3956D46DE8}") = "Apps", "Apps", "{B177EE50-0AF5-4F95-BC4B-81E4559C5BD9}"
EndProject
Project("{9A19103F-16F7-4668-BE54-9A1E7A4F7556}") = "Cadenza.Apps", "Cadenza.Apps\Cadenza.Apps\Cadenza.Apps.csproj", "{5D6351CD-719A-4A5A-AF47-19BA02F86DA0}"
EndProject
Project("{9A19103F-16F7-4668-BE54-9A1E7A4F7556}") = "Cadenza.Apps.WindowsService", "Cadenza.Apps\Cadenza.Apps.WindowsService\Cadenza.Apps.WindowsService.csproj", "{4BFD3B4A-1383-4FDA-99E6-063A17BB38C3}"
EndProject
Project("{9A19103F-16F7-4668-BE54-9A1E7A4F7556}") = "Cadenza.Apps.API", "Cadenza.Apps\Cadenza.Apps.API\Cadenza.Apps.API.csproj", "{AEC922DE-B2A0-47AC-BD19-BEF24B4C2613}"
EndProject
Project("{9A19103F-16F7-4668-BE54-9A1E7A4F7556}") = "Cadenza.Web.Components", "Cadenza\Cadenza.Web.Components\Cadenza.Web.Components.csproj", "{AE23AC89-AB88-4F9A-A42F-E908826101E4}"
EndProject
Project("{9A19103F-16F7-4668-BE54-9A1E7A4F7556}") = "Cadenza.Common.Utilities", "Cadenza.Common\Cadenza.Common.Utilities\Cadenza.Common.Utilities.csproj", "{FD5ACC5E-E646-4476-923C-4A38427EACF3}"
EndProject
Project("{9A19103F-16F7-4668-BE54-9A1E7A4F7556}") = "TestConsoleApp", "TestConsoleApp\TestConsoleApp.csproj", "{1E45A13F-C4FB-44C6-8315-D5DA3C7A9B16}"
EndProject
Project("{9A19103F-16F7-4668-BE54-9A1E7A4F7556}") = "Cadenza.API.Cache", "Cadenza.API\Cadenza.API.Cache\Cadenza.API.Cache.csproj", "{47C61613-FB09-4315-8ED0-0D567DDC748E}"
EndProject
Project("{2150E333-8FDC-42A3-9474-1A3956D46DE8}") = "Database", "Database", "{E56D5E25-73E0-487F-98F9-7116B2DBEEA1}"
EndProject
Project("{00D1A9C2-B5F0-4AF3-8072-F6C62B433612}") = "Cadenza.Sql", "SQL\Cadenza.Sql\Cadenza.Sql.sqlproj", "{71FE5444-309C-4DEE-9129-A8DA218CDD6D}"
EndProject
Project("{9A19103F-16F7-4668-BE54-9A1E7A4F7556}") = "Cadenza.Database.SqlLibrary", "Cadenza.API\Cadenza.API.SqlLibrary\Cadenza.Database.SqlLibrary.csproj", "{8B664E90-9793-40DE-AD5B-28B657351FA3}"
EndProject
Project("{2150E333-8FDC-42A3-9474-1A3956D46DE8}") = "Tests", "Tests", "{557992F7-87EB-4CA7-B6F2-B58F581EC72B}"
EndProject
Project("{9A19103F-16F7-4668-BE54-9A1E7A4F7556}") = "Cadenza.Local.API.Core.Tests", "Cadenza.Tests\Cadenza.Local.API.Core.Tests\Cadenza.Local.API.Core.Tests.csproj", "{17A4D6A4-C625-4709-BA2F-18F09E0A75A7}"
EndProject
Project("{9A19103F-16F7-4668-BE54-9A1E7A4F7556}") = "Cadenza.Common.Utilities.Tests", "Cadenza.Tests\Cadenza.Common.Utilities.Tests\Cadenza.Common.Utilities.Tests.csproj", "{98238BFA-1C72-42ED-8377-CB4AAEB1B6D8}"
EndProject
Project("{9A19103F-16F7-4668-BE54-9A1E7A4F7556}") = "Cadenza.Web.Actions", "Cadenza\Cadenza.Web.Actions\Cadenza.Web.Actions.csproj", "{5DC65843-67A6-417D-BD06-022DEBE2842B}"
EndProject
Project("{9A19103F-16F7-4668-BE54-9A1E7A4F7556}") = "Cadenza.Web.Model", "Cadenza\Cadenza.Web.Model\Cadenza.Web.Model.csproj", "{A0A1E8AB-F289-456A-A226-7E62F4C54C07}"
EndProject
Project("{9A19103F-16F7-4668-BE54-9A1E7A4F7556}") = "Cadenza.Web.State", "Cadenza\Cadenza.Web.State\Cadenza.Web.State.csproj", "{18378846-9059-43E4-AB26-310A57332557}"
EndProject
Project("{9A19103F-16F7-4668-BE54-9A1E7A4F7556}") = "Cadenza.Common.DTO", "Cadenza.Common\Cadenza.Common.DTO\Cadenza.Common.DTO.csproj", "{26483317-EB33-456B-8241-67021B42BFBB}"
EndProject
Project("{9A19103F-16F7-4668-BE54-9A1E7A4F7556}") = "Cadenza.Common.LastFm", "Cadenza.Common\Cadenza.Common.LastFm\Cadenza.Common.LastFm.csproj", "{4E988C45-F5A5-4128-BE02-8CFF73AA03F4}"
EndProject
Project("{9A19103F-16F7-4668-BE54-9A1E7A4F7556}") = "Cadenza.Local.FileAccess", "Cadenza.Local\Cadenza.Local.FileAccess\Cadenza.Local.FileAccess.csproj", "{0BEF163C-7A41-4599-941E-7BC104D83AD3}"
EndProject
Project("{9A19103F-16F7-4668-BE54-9A1E7A4F7556}") = "Cadenza.Common.Http", "Cadenza.Common\Cadenza.Common.Http\Cadenza.Common.Http.csproj", "{B93A58B3-1847-420E-98DB-B5014831DC40}"
EndProject
Project("{9A19103F-16F7-4668-BE54-9A1E7A4F7556}") = "Cadenza.Common", "Cadenza.Common\Cadenza.Common\Cadenza.Common.csproj", "{057C8C2F-BE1B-45AC-BD7F-4E32B667BE23}"
EndProject
Project("{9A19103F-16F7-4668-BE54-9A1E7A4F7556}") = "Cadenza.Common.Enums", "Cadenza.Common\Cadenza.Common.Enums\Cadenza.Common.Enums.csproj", "{6B9CA7F5-475A-4CBA-9E9C-B20803ABBE18}"
EndProject
Project("{FAE04EC0-301F-11D3-BF4B-00C04F79EFBC}") = "Cadenza.Database.Interfaces", "Cadenza.Database.Interfaces\Cadenza.Database.Interfaces.csproj", "{7FDCC64A-C003-477B-8F5E-7C808BAB01B0}"
EndProject
Global
	GlobalSection(SolutionConfigurationPlatforms) = preSolution
		Debug|Any CPU = Debug|Any CPU
		Release|Any CPU = Release|Any CPU
	EndGlobalSection
	GlobalSection(ProjectConfigurationPlatforms) = postSolution
		{727820FC-72DE-49E4-8273-143C5EC338FA}.Debug|Any CPU.ActiveCfg = Debug|Any CPU
		{727820FC-72DE-49E4-8273-143C5EC338FA}.Debug|Any CPU.Build.0 = Debug|Any CPU
		{727820FC-72DE-49E4-8273-143C5EC338FA}.Release|Any CPU.ActiveCfg = Release|Any CPU
		{727820FC-72DE-49E4-8273-143C5EC338FA}.Release|Any CPU.Build.0 = Release|Any CPU
		{DB1EFD38-EFC4-45A0-BD5E-8A7D026CA125}.Debug|Any CPU.ActiveCfg = Debug|Any CPU
		{DB1EFD38-EFC4-45A0-BD5E-8A7D026CA125}.Debug|Any CPU.Build.0 = Debug|Any CPU
		{DB1EFD38-EFC4-45A0-BD5E-8A7D026CA125}.Release|Any CPU.ActiveCfg = Release|Any CPU
		{DB1EFD38-EFC4-45A0-BD5E-8A7D026CA125}.Release|Any CPU.Build.0 = Release|Any CPU
		{6CFF071B-4FFB-462C-B8DA-DF2953D22442}.Debug|Any CPU.ActiveCfg = Debug|Any CPU
		{6CFF071B-4FFB-462C-B8DA-DF2953D22442}.Debug|Any CPU.Build.0 = Debug|Any CPU
		{6CFF071B-4FFB-462C-B8DA-DF2953D22442}.Release|Any CPU.ActiveCfg = Release|Any CPU
		{6CFF071B-4FFB-462C-B8DA-DF2953D22442}.Release|Any CPU.Build.0 = Release|Any CPU
		{09F3D5A2-0BCF-4372-A759-1B212342EC93}.Debug|Any CPU.ActiveCfg = Debug|Any CPU
		{09F3D5A2-0BCF-4372-A759-1B212342EC93}.Debug|Any CPU.Build.0 = Debug|Any CPU
		{09F3D5A2-0BCF-4372-A759-1B212342EC93}.Release|Any CPU.ActiveCfg = Release|Any CPU
		{09F3D5A2-0BCF-4372-A759-1B212342EC93}.Release|Any CPU.Build.0 = Release|Any CPU
		{201BD327-31C4-432A-9595-892A37B119D1}.Debug|Any CPU.ActiveCfg = Debug|Any CPU
		{201BD327-31C4-432A-9595-892A37B119D1}.Debug|Any CPU.Build.0 = Debug|Any CPU
		{201BD327-31C4-432A-9595-892A37B119D1}.Release|Any CPU.ActiveCfg = Release|Any CPU
		{201BD327-31C4-432A-9595-892A37B119D1}.Release|Any CPU.Build.0 = Release|Any CPU
		{7EC9033C-06D6-4A78-A5D4-DF7D7A038C0C}.Debug|Any CPU.ActiveCfg = Debug|Any CPU
		{7EC9033C-06D6-4A78-A5D4-DF7D7A038C0C}.Debug|Any CPU.Build.0 = Debug|Any CPU
		{7EC9033C-06D6-4A78-A5D4-DF7D7A038C0C}.Release|Any CPU.ActiveCfg = Release|Any CPU
		{7EC9033C-06D6-4A78-A5D4-DF7D7A038C0C}.Release|Any CPU.Build.0 = Release|Any CPU
		{E2086781-D052-47AA-9600-D1AFFD83A4C1}.Debug|Any CPU.ActiveCfg = Debug|Any CPU
		{E2086781-D052-47AA-9600-D1AFFD83A4C1}.Debug|Any CPU.Build.0 = Debug|Any CPU
		{E2086781-D052-47AA-9600-D1AFFD83A4C1}.Release|Any CPU.ActiveCfg = Release|Any CPU
		{E2086781-D052-47AA-9600-D1AFFD83A4C1}.Release|Any CPU.Build.0 = Release|Any CPU
		{15CE547D-7282-4C2D-8021-6F326195F9CC}.Debug|Any CPU.ActiveCfg = Debug|Any CPU
		{15CE547D-7282-4C2D-8021-6F326195F9CC}.Debug|Any CPU.Build.0 = Debug|Any CPU
		{15CE547D-7282-4C2D-8021-6F326195F9CC}.Release|Any CPU.ActiveCfg = Release|Any CPU
		{15CE547D-7282-4C2D-8021-6F326195F9CC}.Release|Any CPU.Build.0 = Release|Any CPU
		{ECF8BDF5-741E-4293-9A84-9BA81F20C1C3}.Debug|Any CPU.ActiveCfg = Debug|Any CPU
		{ECF8BDF5-741E-4293-9A84-9BA81F20C1C3}.Debug|Any CPU.Build.0 = Debug|Any CPU
		{ECF8BDF5-741E-4293-9A84-9BA81F20C1C3}.Release|Any CPU.ActiveCfg = Release|Any CPU
		{ECF8BDF5-741E-4293-9A84-9BA81F20C1C3}.Release|Any CPU.Build.0 = Release|Any CPU
		{AE154420-E8A7-48A4-BF81-0D9EAC310DBC}.Debug|Any CPU.ActiveCfg = Debug|Any CPU
		{AE154420-E8A7-48A4-BF81-0D9EAC310DBC}.Debug|Any CPU.Build.0 = Debug|Any CPU
		{AE154420-E8A7-48A4-BF81-0D9EAC310DBC}.Release|Any CPU.ActiveCfg = Release|Any CPU
		{AE154420-E8A7-48A4-BF81-0D9EAC310DBC}.Release|Any CPU.Build.0 = Release|Any CPU
		{B6787034-6B63-47A7-952B-6A015FB6CFB2}.Debug|Any CPU.ActiveCfg = Debug|Any CPU
		{B6787034-6B63-47A7-952B-6A015FB6CFB2}.Debug|Any CPU.Build.0 = Debug|Any CPU
		{B6787034-6B63-47A7-952B-6A015FB6CFB2}.Release|Any CPU.ActiveCfg = Release|Any CPU
		{B6787034-6B63-47A7-952B-6A015FB6CFB2}.Release|Any CPU.Build.0 = Release|Any CPU
		{C35256D3-2DA1-417A-A927-262A84B30AF9}.Debug|Any CPU.ActiveCfg = Debug|Any CPU
		{C35256D3-2DA1-417A-A927-262A84B30AF9}.Debug|Any CPU.Build.0 = Debug|Any CPU
		{C35256D3-2DA1-417A-A927-262A84B30AF9}.Release|Any CPU.ActiveCfg = Release|Any CPU
		{C35256D3-2DA1-417A-A927-262A84B30AF9}.Release|Any CPU.Build.0 = Release|Any CPU
		{6DBF2C02-2E02-469D-BA83-53A0E14D06BC}.Debug|Any CPU.ActiveCfg = Debug|Any CPU
		{6DBF2C02-2E02-469D-BA83-53A0E14D06BC}.Debug|Any CPU.Build.0 = Debug|Any CPU
		{6DBF2C02-2E02-469D-BA83-53A0E14D06BC}.Release|Any CPU.ActiveCfg = Release|Any CPU
		{6DBF2C02-2E02-469D-BA83-53A0E14D06BC}.Release|Any CPU.Build.0 = Release|Any CPU
		{7054B490-B554-45F5-93A9-D6A060A1444C}.Debug|Any CPU.ActiveCfg = Debug|Any CPU
		{7054B490-B554-45F5-93A9-D6A060A1444C}.Debug|Any CPU.Build.0 = Debug|Any CPU
		{7054B490-B554-45F5-93A9-D6A060A1444C}.Release|Any CPU.ActiveCfg = Release|Any CPU
		{7054B490-B554-45F5-93A9-D6A060A1444C}.Release|Any CPU.Build.0 = Release|Any CPU
		{1915E128-432D-4E4D-BFBB-B1A1EDE6C0FA}.Debug|Any CPU.ActiveCfg = Debug|Any CPU
		{1915E128-432D-4E4D-BFBB-B1A1EDE6C0FA}.Debug|Any CPU.Build.0 = Debug|Any CPU
		{1915E128-432D-4E4D-BFBB-B1A1EDE6C0FA}.Release|Any CPU.ActiveCfg = Release|Any CPU
		{1915E128-432D-4E4D-BFBB-B1A1EDE6C0FA}.Release|Any CPU.Build.0 = Release|Any CPU
		{C090CFB0-580E-49C7-B61E-23C96696220D}.Debug|Any CPU.ActiveCfg = Debug|Any CPU
		{C090CFB0-580E-49C7-B61E-23C96696220D}.Debug|Any CPU.Build.0 = Debug|Any CPU
		{C090CFB0-580E-49C7-B61E-23C96696220D}.Release|Any CPU.ActiveCfg = Release|Any CPU
		{C090CFB0-580E-49C7-B61E-23C96696220D}.Release|Any CPU.Build.0 = Release|Any CPU
		{5D6351CD-719A-4A5A-AF47-19BA02F86DA0}.Debug|Any CPU.ActiveCfg = Debug|Any CPU
		{5D6351CD-719A-4A5A-AF47-19BA02F86DA0}.Debug|Any CPU.Build.0 = Debug|Any CPU
		{5D6351CD-719A-4A5A-AF47-19BA02F86DA0}.Release|Any CPU.ActiveCfg = Release|Any CPU
		{5D6351CD-719A-4A5A-AF47-19BA02F86DA0}.Release|Any CPU.Build.0 = Release|Any CPU
		{4BFD3B4A-1383-4FDA-99E6-063A17BB38C3}.Debug|Any CPU.ActiveCfg = Debug|Any CPU
		{4BFD3B4A-1383-4FDA-99E6-063A17BB38C3}.Debug|Any CPU.Build.0 = Debug|Any CPU
		{4BFD3B4A-1383-4FDA-99E6-063A17BB38C3}.Release|Any CPU.ActiveCfg = Release|Any CPU
		{4BFD3B4A-1383-4FDA-99E6-063A17BB38C3}.Release|Any CPU.Build.0 = Release|Any CPU
		{AEC922DE-B2A0-47AC-BD19-BEF24B4C2613}.Debug|Any CPU.ActiveCfg = Debug|Any CPU
		{AEC922DE-B2A0-47AC-BD19-BEF24B4C2613}.Debug|Any CPU.Build.0 = Debug|Any CPU
		{AEC922DE-B2A0-47AC-BD19-BEF24B4C2613}.Release|Any CPU.ActiveCfg = Release|Any CPU
		{AEC922DE-B2A0-47AC-BD19-BEF24B4C2613}.Release|Any CPU.Build.0 = Release|Any CPU
		{AE23AC89-AB88-4F9A-A42F-E908826101E4}.Debug|Any CPU.ActiveCfg = Debug|Any CPU
		{AE23AC89-AB88-4F9A-A42F-E908826101E4}.Debug|Any CPU.Build.0 = Debug|Any CPU
		{AE23AC89-AB88-4F9A-A42F-E908826101E4}.Release|Any CPU.ActiveCfg = Release|Any CPU
		{AE23AC89-AB88-4F9A-A42F-E908826101E4}.Release|Any CPU.Build.0 = Release|Any CPU
		{FD5ACC5E-E646-4476-923C-4A38427EACF3}.Debug|Any CPU.ActiveCfg = Debug|Any CPU
		{FD5ACC5E-E646-4476-923C-4A38427EACF3}.Debug|Any CPU.Build.0 = Debug|Any CPU
		{FD5ACC5E-E646-4476-923C-4A38427EACF3}.Release|Any CPU.ActiveCfg = Release|Any CPU
		{FD5ACC5E-E646-4476-923C-4A38427EACF3}.Release|Any CPU.Build.0 = Release|Any CPU
		{1E45A13F-C4FB-44C6-8315-D5DA3C7A9B16}.Debug|Any CPU.ActiveCfg = Debug|Any CPU
		{1E45A13F-C4FB-44C6-8315-D5DA3C7A9B16}.Debug|Any CPU.Build.0 = Debug|Any CPU
		{1E45A13F-C4FB-44C6-8315-D5DA3C7A9B16}.Release|Any CPU.ActiveCfg = Release|Any CPU
		{1E45A13F-C4FB-44C6-8315-D5DA3C7A9B16}.Release|Any CPU.Build.0 = Release|Any CPU
		{47C61613-FB09-4315-8ED0-0D567DDC748E}.Debug|Any CPU.ActiveCfg = Debug|Any CPU
		{47C61613-FB09-4315-8ED0-0D567DDC748E}.Debug|Any CPU.Build.0 = Debug|Any CPU
		{47C61613-FB09-4315-8ED0-0D567DDC748E}.Release|Any CPU.ActiveCfg = Release|Any CPU
		{47C61613-FB09-4315-8ED0-0D567DDC748E}.Release|Any CPU.Build.0 = Release|Any CPU
		{71FE5444-309C-4DEE-9129-A8DA218CDD6D}.Debug|Any CPU.ActiveCfg = Debug|Any CPU
		{71FE5444-309C-4DEE-9129-A8DA218CDD6D}.Debug|Any CPU.Build.0 = Debug|Any CPU
		{71FE5444-309C-4DEE-9129-A8DA218CDD6D}.Debug|Any CPU.Deploy.0 = Debug|Any CPU
		{71FE5444-309C-4DEE-9129-A8DA218CDD6D}.Release|Any CPU.ActiveCfg = Release|Any CPU
		{71FE5444-309C-4DEE-9129-A8DA218CDD6D}.Release|Any CPU.Build.0 = Release|Any CPU
		{71FE5444-309C-4DEE-9129-A8DA218CDD6D}.Release|Any CPU.Deploy.0 = Release|Any CPU
		{8B664E90-9793-40DE-AD5B-28B657351FA3}.Debug|Any CPU.ActiveCfg = Debug|Any CPU
		{8B664E90-9793-40DE-AD5B-28B657351FA3}.Debug|Any CPU.Build.0 = Debug|Any CPU
		{8B664E90-9793-40DE-AD5B-28B657351FA3}.Release|Any CPU.ActiveCfg = Release|Any CPU
		{8B664E90-9793-40DE-AD5B-28B657351FA3}.Release|Any CPU.Build.0 = Release|Any CPU
		{17A4D6A4-C625-4709-BA2F-18F09E0A75A7}.Debug|Any CPU.ActiveCfg = Debug|Any CPU
		{17A4D6A4-C625-4709-BA2F-18F09E0A75A7}.Debug|Any CPU.Build.0 = Debug|Any CPU
		{17A4D6A4-C625-4709-BA2F-18F09E0A75A7}.Release|Any CPU.ActiveCfg = Release|Any CPU
		{17A4D6A4-C625-4709-BA2F-18F09E0A75A7}.Release|Any CPU.Build.0 = Release|Any CPU
		{98238BFA-1C72-42ED-8377-CB4AAEB1B6D8}.Debug|Any CPU.ActiveCfg = Debug|Any CPU
		{98238BFA-1C72-42ED-8377-CB4AAEB1B6D8}.Debug|Any CPU.Build.0 = Debug|Any CPU
		{98238BFA-1C72-42ED-8377-CB4AAEB1B6D8}.Release|Any CPU.ActiveCfg = Release|Any CPU
		{98238BFA-1C72-42ED-8377-CB4AAEB1B6D8}.Release|Any CPU.Build.0 = Release|Any CPU
		{5DC65843-67A6-417D-BD06-022DEBE2842B}.Debug|Any CPU.ActiveCfg = Debug|Any CPU
		{5DC65843-67A6-417D-BD06-022DEBE2842B}.Debug|Any CPU.Build.0 = Debug|Any CPU
		{5DC65843-67A6-417D-BD06-022DEBE2842B}.Release|Any CPU.ActiveCfg = Release|Any CPU
		{5DC65843-67A6-417D-BD06-022DEBE2842B}.Release|Any CPU.Build.0 = Release|Any CPU
		{A0A1E8AB-F289-456A-A226-7E62F4C54C07}.Debug|Any CPU.ActiveCfg = Debug|Any CPU
		{A0A1E8AB-F289-456A-A226-7E62F4C54C07}.Debug|Any CPU.Build.0 = Debug|Any CPU
		{A0A1E8AB-F289-456A-A226-7E62F4C54C07}.Release|Any CPU.ActiveCfg = Release|Any CPU
		{A0A1E8AB-F289-456A-A226-7E62F4C54C07}.Release|Any CPU.Build.0 = Release|Any CPU
		{18378846-9059-43E4-AB26-310A57332557}.Debug|Any CPU.ActiveCfg = Debug|Any CPU
		{18378846-9059-43E4-AB26-310A57332557}.Debug|Any CPU.Build.0 = Debug|Any CPU
		{18378846-9059-43E4-AB26-310A57332557}.Release|Any CPU.ActiveCfg = Release|Any CPU
		{18378846-9059-43E4-AB26-310A57332557}.Release|Any CPU.Build.0 = Release|Any CPU
		{26483317-EB33-456B-8241-67021B42BFBB}.Debug|Any CPU.ActiveCfg = Debug|Any CPU
		{26483317-EB33-456B-8241-67021B42BFBB}.Debug|Any CPU.Build.0 = Debug|Any CPU
		{26483317-EB33-456B-8241-67021B42BFBB}.Release|Any CPU.ActiveCfg = Release|Any CPU
		{26483317-EB33-456B-8241-67021B42BFBB}.Release|Any CPU.Build.0 = Release|Any CPU
		{4E988C45-F5A5-4128-BE02-8CFF73AA03F4}.Debug|Any CPU.ActiveCfg = Debug|Any CPU
		{4E988C45-F5A5-4128-BE02-8CFF73AA03F4}.Debug|Any CPU.Build.0 = Debug|Any CPU
		{4E988C45-F5A5-4128-BE02-8CFF73AA03F4}.Release|Any CPU.ActiveCfg = Release|Any CPU
		{4E988C45-F5A5-4128-BE02-8CFF73AA03F4}.Release|Any CPU.Build.0 = Release|Any CPU
		{0BEF163C-7A41-4599-941E-7BC104D83AD3}.Debug|Any CPU.ActiveCfg = Debug|Any CPU
		{0BEF163C-7A41-4599-941E-7BC104D83AD3}.Debug|Any CPU.Build.0 = Debug|Any CPU
		{0BEF163C-7A41-4599-941E-7BC104D83AD3}.Release|Any CPU.ActiveCfg = Release|Any CPU
		{0BEF163C-7A41-4599-941E-7BC104D83AD3}.Release|Any CPU.Build.0 = Release|Any CPU
		{B93A58B3-1847-420E-98DB-B5014831DC40}.Debug|Any CPU.ActiveCfg = Debug|Any CPU
		{B93A58B3-1847-420E-98DB-B5014831DC40}.Debug|Any CPU.Build.0 = Debug|Any CPU
		{B93A58B3-1847-420E-98DB-B5014831DC40}.Release|Any CPU.ActiveCfg = Release|Any CPU
		{B93A58B3-1847-420E-98DB-B5014831DC40}.Release|Any CPU.Build.0 = Release|Any CPU
		{057C8C2F-BE1B-45AC-BD7F-4E32B667BE23}.Debug|Any CPU.ActiveCfg = Debug|Any CPU
		{057C8C2F-BE1B-45AC-BD7F-4E32B667BE23}.Debug|Any CPU.Build.0 = Debug|Any CPU
		{057C8C2F-BE1B-45AC-BD7F-4E32B667BE23}.Release|Any CPU.ActiveCfg = Release|Any CPU
		{057C8C2F-BE1B-45AC-BD7F-4E32B667BE23}.Release|Any CPU.Build.0 = Release|Any CPU
		{6B9CA7F5-475A-4CBA-9E9C-B20803ABBE18}.Debug|Any CPU.ActiveCfg = Debug|Any CPU
		{6B9CA7F5-475A-4CBA-9E9C-B20803ABBE18}.Debug|Any CPU.Build.0 = Debug|Any CPU
		{6B9CA7F5-475A-4CBA-9E9C-B20803ABBE18}.Release|Any CPU.ActiveCfg = Release|Any CPU
		{6B9CA7F5-475A-4CBA-9E9C-B20803ABBE18}.Release|Any CPU.Build.0 = Release|Any CPU
		{7FDCC64A-C003-477B-8F5E-7C808BAB01B0}.Debug|Any CPU.ActiveCfg = Debug|Any CPU
		{7FDCC64A-C003-477B-8F5E-7C808BAB01B0}.Debug|Any CPU.Build.0 = Debug|Any CPU
		{7FDCC64A-C003-477B-8F5E-7C808BAB01B0}.Release|Any CPU.ActiveCfg = Release|Any CPU
		{7FDCC64A-C003-477B-8F5E-7C808BAB01B0}.Release|Any CPU.Build.0 = Release|Any CPU
	EndGlobalSection
	GlobalSection(SolutionProperties) = preSolution
		HideSolutionNode = FALSE
	EndGlobalSection
	GlobalSection(NestedProjects) = preSolution
		{727820FC-72DE-49E4-8273-143C5EC338FA} = {1D87E2CA-5053-4DB2-ABBB-D933C9C71435}
		{DB1EFD38-EFC4-45A0-BD5E-8A7D026CA125} = {8F390E8D-A249-454A-8446-6E9443D96585}
		{6CFF071B-4FFB-462C-B8DA-DF2953D22442} = {8F390E8D-A249-454A-8446-6E9443D96585}
		{09F3D5A2-0BCF-4372-A759-1B212342EC93} = {89F6ECE8-7907-4F76-9165-39696EA42F68}
		{201BD327-31C4-432A-9595-892A37B119D1} = {89F6ECE8-7907-4F76-9165-39696EA42F68}
		{7EC9033C-06D6-4A78-A5D4-DF7D7A038C0C} = {89F6ECE8-7907-4F76-9165-39696EA42F68}
		{E2086781-D052-47AA-9600-D1AFFD83A4C1} = {1D87E2CA-5053-4DB2-ABBB-D933C9C71435}
		{15CE547D-7282-4C2D-8021-6F326195F9CC} = {38BED4B0-949D-4861-B741-C64C60E4E72D}
		{ECF8BDF5-741E-4293-9A84-9BA81F20C1C3} = {38BED4B0-949D-4861-B741-C64C60E4E72D}
		{AE154420-E8A7-48A4-BF81-0D9EAC310DBC} = {1D87E2CA-5053-4DB2-ABBB-D933C9C71435}
		{38BED4B0-949D-4861-B741-C64C60E4E72D} = {1D87E2CA-5053-4DB2-ABBB-D933C9C71435}
		{B6787034-6B63-47A7-952B-6A015FB6CFB2} = {38BED4B0-949D-4861-B741-C64C60E4E72D}
		{6DBF2C02-2E02-469D-BA83-53A0E14D06BC} = {8F390E8D-A249-454A-8446-6E9443D96585}
		{7054B490-B554-45F5-93A9-D6A060A1444C} = {8F390E8D-A249-454A-8446-6E9443D96585}
		{1915E128-432D-4E4D-BFBB-B1A1EDE6C0FA} = {8F390E8D-A249-454A-8446-6E9443D96585}
		{C090CFB0-580E-49C7-B61E-23C96696220D} = {89F6ECE8-7907-4F76-9165-39696EA42F68}
		{5D6351CD-719A-4A5A-AF47-19BA02F86DA0} = {B177EE50-0AF5-4F95-BC4B-81E4559C5BD9}
		{4BFD3B4A-1383-4FDA-99E6-063A17BB38C3} = {B177EE50-0AF5-4F95-BC4B-81E4559C5BD9}
		{AEC922DE-B2A0-47AC-BD19-BEF24B4C2613} = {B177EE50-0AF5-4F95-BC4B-81E4559C5BD9}
		{AE23AC89-AB88-4F9A-A42F-E908826101E4} = {1D87E2CA-5053-4DB2-ABBB-D933C9C71435}
		{FD5ACC5E-E646-4476-923C-4A38427EACF3} = {6854655D-1895-45C9-B100-5161B8F9C14C}
		{1E45A13F-C4FB-44C6-8315-D5DA3C7A9B16} = {557992F7-87EB-4CA7-B6F2-B58F581EC72B}
		{47C61613-FB09-4315-8ED0-0D567DDC748E} = {89F6ECE8-7907-4F76-9165-39696EA42F68}
		{71FE5444-309C-4DEE-9129-A8DA218CDD6D} = {E56D5E25-73E0-487F-98F9-7116B2DBEEA1}
		{8B664E90-9793-40DE-AD5B-28B657351FA3} = {E56D5E25-73E0-487F-98F9-7116B2DBEEA1}
		{17A4D6A4-C625-4709-BA2F-18F09E0A75A7} = {557992F7-87EB-4CA7-B6F2-B58F581EC72B}
		{98238BFA-1C72-42ED-8377-CB4AAEB1B6D8} = {557992F7-87EB-4CA7-B6F2-B58F581EC72B}
		{5DC65843-67A6-417D-BD06-022DEBE2842B} = {1D87E2CA-5053-4DB2-ABBB-D933C9C71435}
		{A0A1E8AB-F289-456A-A226-7E62F4C54C07} = {1D87E2CA-5053-4DB2-ABBB-D933C9C71435}
		{18378846-9059-43E4-AB26-310A57332557} = {1D87E2CA-5053-4DB2-ABBB-D933C9C71435}
		{26483317-EB33-456B-8241-67021B42BFBB} = {6854655D-1895-45C9-B100-5161B8F9C14C}
		{4E988C45-F5A5-4128-BE02-8CFF73AA03F4} = {6854655D-1895-45C9-B100-5161B8F9C14C}
		{0BEF163C-7A41-4599-941E-7BC104D83AD3} = {8F390E8D-A249-454A-8446-6E9443D96585}
		{B93A58B3-1847-420E-98DB-B5014831DC40} = {6854655D-1895-45C9-B100-5161B8F9C14C}
		{057C8C2F-BE1B-45AC-BD7F-4E32B667BE23} = {6854655D-1895-45C9-B100-5161B8F9C14C}
		{6B9CA7F5-475A-4CBA-9E9C-B20803ABBE18} = {6854655D-1895-45C9-B100-5161B8F9C14C}
		{7FDCC64A-C003-477B-8F5E-7C808BAB01B0} = {E56D5E25-73E0-487F-98F9-7116B2DBEEA1}
	EndGlobalSection
	GlobalSection(ExtensibilityGlobals) = postSolution
		SolutionGuid = {EC17F3E1-56B9-47E8-83C4-C7358F820CD1}
	EndGlobalSection
EndGlobal
