
Microsoft Visual Studio Solution File, Format Version 12.00
# Visual Studio Version 17
VisualStudioVersion = 17.0.31903.59
MinimumVisualStudioVersion = 10.0.40219.1
Project("{2150E333-8FDC-42A3-9474-1A3956D46DE8}") = "Connections", "Connections", "{48E201A1-2F02-4424-A3B7-0E92564A19E2}"
EndProject
Project("{2150E333-8FDC-42A3-9474-1A3956D46DE8}") = "Blazor", "Blazor", "{1D87E2CA-5053-4DB2-ABBB-D933C9C71435}"
EndProject
Project("{2150E333-8FDC-42A3-9474-1A3956D46DE8}") = "API", "API", "{89F6ECE8-7907-4F76-9165-39696EA42F68}"
EndProject
Project("{2150E333-8FDC-42A3-9474-1A3956D46DE8}") = "Local", "Local", "{8F390E8D-A249-454A-8446-6E9443D96585}"
EndProject
Project("{2150E333-8FDC-42A3-9474-1A3956D46DE8}") = "Common", "Common", "{6854655D-1895-45C9-B100-5161B8F9C14C}"
EndProject
Project("{9A19103F-16F7-4668-BE54-9A1E7A4F7556}") = "Cadenza.LastFM", "Cadenza\Cadenza.LastFM\Cadenza.LastFM.csproj", "{CE9D49D7-9165-4BC7-8EE8-7F3B7B9C465C}"
EndProject
Project("{9A19103F-16F7-4668-BE54-9A1E7A4F7556}") = "Cadenza.Source.Local", "Cadenza\Cadenza.Source.Local\Cadenza.Source.Local.csproj", "{8A19E20C-A91E-4B0D-9311-FDAB68E6DBC0}"
EndProject
Project("{9A19103F-16F7-4668-BE54-9A1E7A4F7556}") = "Cadenza.Core", "Cadenza\Cadenza.Core\Cadenza.Core.csproj", "{B93E9725-334F-4759-BC83-E5BA1BEC3438}"
EndProject
Project("{9A19103F-16F7-4668-BE54-9A1E7A4F7556}") = "Cadenza", "Cadenza\Cadenza\Cadenza.csproj", "{727820FC-72DE-49E4-8273-143C5EC338FA}"
EndProject
Project("{9A19103F-16F7-4668-BE54-9A1E7A4F7556}") = "Cadenza.Domain", "Cadenza.Common\Cadenza.Domain\Cadenza.Domain.csproj", "{31A4577F-D73A-40C1-9D93-E5E974A1FE43}"
EndProject
Project("{9A19103F-16F7-4668-BE54-9A1E7A4F7556}") = "Cadenza.Utilities", "Cadenza.Common\Cadenza.Utilities\Cadenza.Utilities.csproj", "{54613FBE-A0B7-456A-B90E-6AC33D6F3C9F}"
EndProject
Project("{9A19103F-16F7-4668-BE54-9A1E7A4F7556}") = "Cadenza.Library", "Cadenza.Common\Cadenza.Library\Cadenza.Library.csproj", "{4F4A17A6-1B24-47DC-B424-21F278B7F21D}"
EndProject
Project("{2150E333-8FDC-42A3-9474-1A3956D46DE8}") = "Tests", "Tests", "{03CC6976-FDC8-45CB-93AB-96674B24230D}"
EndProject
Project("{9A19103F-16F7-4668-BE54-9A1E7A4F7556}") = "Cadenza.Library.Tests", "Cadenza.Common\Cadenza.Library.Tests\Cadenza.Library.Tests.csproj", "{405F1366-BB1E-475E-AA89-709660943B29}"
EndProject
Project("{9A19103F-16F7-4668-BE54-9A1E7A4F7556}") = "Cadenza.Utilities.Tests", "Cadenza.Common\Cadenza.Utilities.Tests\Cadenza.Utilities.Tests.csproj", "{4992764A-43FC-4C91-8C99-A6624DA8E875}"
EndProject
Project("{9A19103F-16F7-4668-BE54-9A1E7A4F7556}") = "Cadenza.Local", "Cadenza.Local\Cadenza.Local\Cadenza.Local.csproj", "{EF3F4D2E-7236-4CE4-B6C5-66C7F500E0A2}"
EndProject
Project("{9A19103F-16F7-4668-BE54-9A1E7A4F7556}") = "Cadenza.Local.API", "Cadenza.Local\Cadenza.Local.API\Cadenza.Local.API.csproj", "{DB1EFD38-EFC4-45A0-BD5E-8A7D026CA125}"
EndProject
Project("{9A19103F-16F7-4668-BE54-9A1E7A4F7556}") = "Cadenza.Local.SyncService", "Cadenza.Local\Cadenza.Local.SyncService\Cadenza.Local.SyncService.csproj", "{6CFF071B-4FFB-462C-B8DA-DF2953D22442}"
EndProject
Project("{9A19103F-16F7-4668-BE54-9A1E7A4F7556}") = "Cadenza.API", "Cadenza.API\Cadenza.API\Cadenza.API\Cadenza.API.csproj", "{09F3D5A2-0BCF-4372-A759-1B212342EC93}"
EndProject
Project("{9A19103F-16F7-4668-BE54-9A1E7A4F7556}") = "Cadenza.Local.Common", "Cadenza.Local\Cadenza.Local.Common\Cadenza.Local.Common.csproj", "{07997B30-8E6C-4361-8C0E-490EB0CDB7F6}"
EndProject
Project("{9A19103F-16F7-4668-BE54-9A1E7A4F7556}") = "Cadenza.Local.MusicFiles", "Cadenza.Local\Cadenza.Local.MusicFiles\Cadenza.Local.MusicFiles.csproj", "{0EB56250-A515-46A9-9146-841302E1F484}"
EndProject
Project("{9A19103F-16F7-4668-BE54-9A1E7A4F7556}") = "Cadenza.API.Common", "Cadenza.API\Cadenza.API.Common\Cadenza.API.Common.csproj", "{E84C2F47-72AA-4BC2-B4A6-362D0A632F85}"
EndProject
Project("{9A19103F-16F7-4668-BE54-9A1E7A4F7556}") = "Cadenza.API.Core", "Cadenza.API\Cadenza.API.Core\Cadenza.API.Core.csproj", "{201BD327-31C4-432A-9595-892A37B119D1}"
EndProject
Project("{9A19103F-16F7-4668-BE54-9A1E7A4F7556}") = "Cadenza.API.Database", "Cadenza.API\Cadenza.API.Database\Cadenza.API.Database.csproj", "{9671496D-C174-4D16-9B6C-BB4BDBFB546F}"
EndProject
Project("{9A19103F-16F7-4668-BE54-9A1E7A4F7556}") = "Cadenza.API.LastFM", "Cadenza.API\Cadenza.API.LastFM\Cadenza.API.LastFM.csproj", "{7EC9033C-06D6-4A78-A5D4-DF7D7A038C0C}"
EndProject
Global
	GlobalSection(SolutionConfigurationPlatforms) = preSolution
		Debug|Any CPU = Debug|Any CPU
		Release|Any CPU = Release|Any CPU
	EndGlobalSection
	GlobalSection(ProjectConfigurationPlatforms) = postSolution
		{CE9D49D7-9165-4BC7-8EE8-7F3B7B9C465C}.Debug|Any CPU.ActiveCfg = Debug|Any CPU
		{CE9D49D7-9165-4BC7-8EE8-7F3B7B9C465C}.Debug|Any CPU.Build.0 = Debug|Any CPU
		{CE9D49D7-9165-4BC7-8EE8-7F3B7B9C465C}.Release|Any CPU.ActiveCfg = Release|Any CPU
		{CE9D49D7-9165-4BC7-8EE8-7F3B7B9C465C}.Release|Any CPU.Build.0 = Release|Any CPU
		{8A19E20C-A91E-4B0D-9311-FDAB68E6DBC0}.Debug|Any CPU.ActiveCfg = Debug|Any CPU
		{8A19E20C-A91E-4B0D-9311-FDAB68E6DBC0}.Debug|Any CPU.Build.0 = Debug|Any CPU
		{8A19E20C-A91E-4B0D-9311-FDAB68E6DBC0}.Release|Any CPU.ActiveCfg = Release|Any CPU
		{8A19E20C-A91E-4B0D-9311-FDAB68E6DBC0}.Release|Any CPU.Build.0 = Release|Any CPU
		{B93E9725-334F-4759-BC83-E5BA1BEC3438}.Debug|Any CPU.ActiveCfg = Debug|Any CPU
		{B93E9725-334F-4759-BC83-E5BA1BEC3438}.Debug|Any CPU.Build.0 = Debug|Any CPU
		{B93E9725-334F-4759-BC83-E5BA1BEC3438}.Release|Any CPU.ActiveCfg = Release|Any CPU
		{B93E9725-334F-4759-BC83-E5BA1BEC3438}.Release|Any CPU.Build.0 = Release|Any CPU
		{727820FC-72DE-49E4-8273-143C5EC338FA}.Debug|Any CPU.ActiveCfg = Debug|Any CPU
		{727820FC-72DE-49E4-8273-143C5EC338FA}.Debug|Any CPU.Build.0 = Debug|Any CPU
		{727820FC-72DE-49E4-8273-143C5EC338FA}.Release|Any CPU.ActiveCfg = Release|Any CPU
		{727820FC-72DE-49E4-8273-143C5EC338FA}.Release|Any CPU.Build.0 = Release|Any CPU
		{31A4577F-D73A-40C1-9D93-E5E974A1FE43}.Debug|Any CPU.ActiveCfg = Debug|Any CPU
		{31A4577F-D73A-40C1-9D93-E5E974A1FE43}.Debug|Any CPU.Build.0 = Debug|Any CPU
		{31A4577F-D73A-40C1-9D93-E5E974A1FE43}.Release|Any CPU.ActiveCfg = Release|Any CPU
		{31A4577F-D73A-40C1-9D93-E5E974A1FE43}.Release|Any CPU.Build.0 = Release|Any CPU
		{54613FBE-A0B7-456A-B90E-6AC33D6F3C9F}.Debug|Any CPU.ActiveCfg = Debug|Any CPU
		{54613FBE-A0B7-456A-B90E-6AC33D6F3C9F}.Debug|Any CPU.Build.0 = Debug|Any CPU
		{54613FBE-A0B7-456A-B90E-6AC33D6F3C9F}.Release|Any CPU.ActiveCfg = Release|Any CPU
		{54613FBE-A0B7-456A-B90E-6AC33D6F3C9F}.Release|Any CPU.Build.0 = Release|Any CPU
		{4F4A17A6-1B24-47DC-B424-21F278B7F21D}.Debug|Any CPU.ActiveCfg = Debug|Any CPU
		{4F4A17A6-1B24-47DC-B424-21F278B7F21D}.Debug|Any CPU.Build.0 = Debug|Any CPU
		{4F4A17A6-1B24-47DC-B424-21F278B7F21D}.Release|Any CPU.ActiveCfg = Release|Any CPU
		{4F4A17A6-1B24-47DC-B424-21F278B7F21D}.Release|Any CPU.Build.0 = Release|Any CPU
		{405F1366-BB1E-475E-AA89-709660943B29}.Debug|Any CPU.ActiveCfg = Debug|Any CPU
		{405F1366-BB1E-475E-AA89-709660943B29}.Debug|Any CPU.Build.0 = Debug|Any CPU
		{405F1366-BB1E-475E-AA89-709660943B29}.Release|Any CPU.ActiveCfg = Release|Any CPU
		{405F1366-BB1E-475E-AA89-709660943B29}.Release|Any CPU.Build.0 = Release|Any CPU
		{4992764A-43FC-4C91-8C99-A6624DA8E875}.Debug|Any CPU.ActiveCfg = Debug|Any CPU
		{4992764A-43FC-4C91-8C99-A6624DA8E875}.Debug|Any CPU.Build.0 = Debug|Any CPU
		{4992764A-43FC-4C91-8C99-A6624DA8E875}.Release|Any CPU.ActiveCfg = Release|Any CPU
		{4992764A-43FC-4C91-8C99-A6624DA8E875}.Release|Any CPU.Build.0 = Release|Any CPU
		{EF3F4D2E-7236-4CE4-B6C5-66C7F500E0A2}.Debug|Any CPU.ActiveCfg = Debug|Any CPU
		{EF3F4D2E-7236-4CE4-B6C5-66C7F500E0A2}.Debug|Any CPU.Build.0 = Debug|Any CPU
		{EF3F4D2E-7236-4CE4-B6C5-66C7F500E0A2}.Release|Any CPU.ActiveCfg = Release|Any CPU
		{EF3F4D2E-7236-4CE4-B6C5-66C7F500E0A2}.Release|Any CPU.Build.0 = Release|Any CPU
		{DB1EFD38-EFC4-45A0-BD5E-8A7D026CA125}.Debug|Any CPU.ActiveCfg = Debug|Any CPU
		{DB1EFD38-EFC4-45A0-BD5E-8A7D026CA125}.Debug|Any CPU.Build.0 = Debug|Any CPU
		{DB1EFD38-EFC4-45A0-BD5E-8A7D026CA125}.Release|Any CPU.ActiveCfg = Release|Any CPU
		{DB1EFD38-EFC4-45A0-BD5E-8A7D026CA125}.Release|Any CPU.Build.0 = Release|Any CPU
		{6CFF071B-4FFB-462C-B8DA-DF2953D22442}.Debug|Any CPU.ActiveCfg = Debug|Any CPU
		{6CFF071B-4FFB-462C-B8DA-DF2953D22442}.Debug|Any CPU.Build.0 = Debug|Any CPU
		{6CFF071B-4FFB-462C-B8DA-DF2953D22442}.Release|Any CPU.ActiveCfg = Release|Any CPU
		{6CFF071B-4FFB-462C-B8DA-DF2953D22442}.Release|Any CPU.Build.0 = Release|Any CPU
		{09F3D5A2-0BCF-4372-A759-1B212342EC93}.Debug|Any CPU.ActiveCfg = Debug|Any CPU
		{09F3D5A2-0BCF-4372-A759-1B212342EC93}.Debug|Any CPU.Build.0 = Debug|Any CPU
		{09F3D5A2-0BCF-4372-A759-1B212342EC93}.Release|Any CPU.ActiveCfg = Release|Any CPU
		{09F3D5A2-0BCF-4372-A759-1B212342EC93}.Release|Any CPU.Build.0 = Release|Any CPU
		{07997B30-8E6C-4361-8C0E-490EB0CDB7F6}.Debug|Any CPU.ActiveCfg = Debug|Any CPU
		{07997B30-8E6C-4361-8C0E-490EB0CDB7F6}.Debug|Any CPU.Build.0 = Debug|Any CPU
		{07997B30-8E6C-4361-8C0E-490EB0CDB7F6}.Release|Any CPU.ActiveCfg = Release|Any CPU
		{07997B30-8E6C-4361-8C0E-490EB0CDB7F6}.Release|Any CPU.Build.0 = Release|Any CPU
		{0EB56250-A515-46A9-9146-841302E1F484}.Debug|Any CPU.ActiveCfg = Debug|Any CPU
		{0EB56250-A515-46A9-9146-841302E1F484}.Debug|Any CPU.Build.0 = Debug|Any CPU
		{0EB56250-A515-46A9-9146-841302E1F484}.Release|Any CPU.ActiveCfg = Release|Any CPU
		{0EB56250-A515-46A9-9146-841302E1F484}.Release|Any CPU.Build.0 = Release|Any CPU
		{E84C2F47-72AA-4BC2-B4A6-362D0A632F85}.Debug|Any CPU.ActiveCfg = Debug|Any CPU
		{E84C2F47-72AA-4BC2-B4A6-362D0A632F85}.Debug|Any CPU.Build.0 = Debug|Any CPU
		{E84C2F47-72AA-4BC2-B4A6-362D0A632F85}.Release|Any CPU.ActiveCfg = Release|Any CPU
		{E84C2F47-72AA-4BC2-B4A6-362D0A632F85}.Release|Any CPU.Build.0 = Release|Any CPU
		{201BD327-31C4-432A-9595-892A37B119D1}.Debug|Any CPU.ActiveCfg = Debug|Any CPU
		{201BD327-31C4-432A-9595-892A37B119D1}.Debug|Any CPU.Build.0 = Debug|Any CPU
		{201BD327-31C4-432A-9595-892A37B119D1}.Release|Any CPU.ActiveCfg = Release|Any CPU
		{201BD327-31C4-432A-9595-892A37B119D1}.Release|Any CPU.Build.0 = Release|Any CPU
		{9671496D-C174-4D16-9B6C-BB4BDBFB546F}.Debug|Any CPU.ActiveCfg = Debug|Any CPU
		{9671496D-C174-4D16-9B6C-BB4BDBFB546F}.Debug|Any CPU.Build.0 = Debug|Any CPU
		{9671496D-C174-4D16-9B6C-BB4BDBFB546F}.Release|Any CPU.ActiveCfg = Release|Any CPU
		{9671496D-C174-4D16-9B6C-BB4BDBFB546F}.Release|Any CPU.Build.0 = Release|Any CPU
		{7EC9033C-06D6-4A78-A5D4-DF7D7A038C0C}.Debug|Any CPU.ActiveCfg = Debug|Any CPU
		{7EC9033C-06D6-4A78-A5D4-DF7D7A038C0C}.Debug|Any CPU.Build.0 = Debug|Any CPU
		{7EC9033C-06D6-4A78-A5D4-DF7D7A038C0C}.Release|Any CPU.ActiveCfg = Release|Any CPU
		{7EC9033C-06D6-4A78-A5D4-DF7D7A038C0C}.Release|Any CPU.Build.0 = Release|Any CPU
	EndGlobalSection
	GlobalSection(SolutionProperties) = preSolution
		HideSolutionNode = FALSE
	EndGlobalSection
	GlobalSection(NestedProjects) = preSolution
		{48E201A1-2F02-4424-A3B7-0E92564A19E2} = {1D87E2CA-5053-4DB2-ABBB-D933C9C71435}
		{CE9D49D7-9165-4BC7-8EE8-7F3B7B9C465C} = {48E201A1-2F02-4424-A3B7-0E92564A19E2}
		{8A19E20C-A91E-4B0D-9311-FDAB68E6DBC0} = {48E201A1-2F02-4424-A3B7-0E92564A19E2}
		{B93E9725-334F-4759-BC83-E5BA1BEC3438} = {1D87E2CA-5053-4DB2-ABBB-D933C9C71435}
		{727820FC-72DE-49E4-8273-143C5EC338FA} = {1D87E2CA-5053-4DB2-ABBB-D933C9C71435}
		{31A4577F-D73A-40C1-9D93-E5E974A1FE43} = {6854655D-1895-45C9-B100-5161B8F9C14C}
		{54613FBE-A0B7-456A-B90E-6AC33D6F3C9F} = {6854655D-1895-45C9-B100-5161B8F9C14C}
		{4F4A17A6-1B24-47DC-B424-21F278B7F21D} = {6854655D-1895-45C9-B100-5161B8F9C14C}
		{03CC6976-FDC8-45CB-93AB-96674B24230D} = {6854655D-1895-45C9-B100-5161B8F9C14C}
		{405F1366-BB1E-475E-AA89-709660943B29} = {03CC6976-FDC8-45CB-93AB-96674B24230D}
		{4992764A-43FC-4C91-8C99-A6624DA8E875} = {03CC6976-FDC8-45CB-93AB-96674B24230D}
		{EF3F4D2E-7236-4CE4-B6C5-66C7F500E0A2} = {8F390E8D-A249-454A-8446-6E9443D96585}
		{DB1EFD38-EFC4-45A0-BD5E-8A7D026CA125} = {8F390E8D-A249-454A-8446-6E9443D96585}
		{6CFF071B-4FFB-462C-B8DA-DF2953D22442} = {8F390E8D-A249-454A-8446-6E9443D96585}
		{09F3D5A2-0BCF-4372-A759-1B212342EC93} = {89F6ECE8-7907-4F76-9165-39696EA42F68}
		{07997B30-8E6C-4361-8C0E-490EB0CDB7F6} = {8F390E8D-A249-454A-8446-6E9443D96585}
		{0EB56250-A515-46A9-9146-841302E1F484} = {8F390E8D-A249-454A-8446-6E9443D96585}
		{E84C2F47-72AA-4BC2-B4A6-362D0A632F85} = {89F6ECE8-7907-4F76-9165-39696EA42F68}
		{201BD327-31C4-432A-9595-892A37B119D1} = {89F6ECE8-7907-4F76-9165-39696EA42F68}
		{9671496D-C174-4D16-9B6C-BB4BDBFB546F} = {89F6ECE8-7907-4F76-9165-39696EA42F68}
		{7EC9033C-06D6-4A78-A5D4-DF7D7A038C0C} = {89F6ECE8-7907-4F76-9165-39696EA42F68}
	EndGlobalSection
	GlobalSection(ExtensibilityGlobals) = postSolution
		SolutionGuid = {EC17F3E1-56B9-47E8-83C4-C7358F820CD1}
	EndGlobalSection
EndGlobal
