
Microsoft Visual Studio Solution File, Format Version 12.00
# Visual Studio Version 17
VisualStudioVersion = 17.0.31903.59
MinimumVisualStudioVersion = 10.0.40219.1
Project("{2150E333-8FDC-42A3-9474-1A3956D46DE8}") = "Blazor", "Blazor", "{1D87E2CA-5053-4DB2-ABBB-D933C9C71435}"
EndProject
Project("{2150E333-8FDC-42A3-9474-1A3956D46DE8}") = "API", "API", "{89F6ECE8-7907-4F76-9165-39696EA42F68}"
EndProject
Project("{2150E333-8FDC-42A3-9474-1A3956D46DE8}") = "Local", "Local", "{8F390E8D-A249-454A-8446-6E9443D96585}"
EndProject
Project("{2150E333-8FDC-42A3-9474-1A3956D46DE8}") = "Common", "Common", "{6854655D-1895-45C9-B100-5161B8F9C14C}"
EndProject
Project("{9A19103F-16F7-4668-BE54-9A1E7A4F7556}") = "Cadenza", "Cadenza\Cadenza\Cadenza.csproj", "{727820FC-72DE-49E4-8273-143C5EC338FA}"
EndProject
Project("{9A19103F-16F7-4668-BE54-9A1E7A4F7556}") = "Cadenza.Local.API", "Cadenza.Local\Cadenza.Local.API\Cadenza.Local.API.csproj", "{DB1EFD38-EFC4-45A0-BD5E-8A7D026CA125}"
EndProject
Project("{9A19103F-16F7-4668-BE54-9A1E7A4F7556}") = "Cadenza.Local.SyncService", "Cadenza.Local\Cadenza.Local.SyncService\Cadenza.Local.SyncService.csproj", "{6CFF071B-4FFB-462C-B8DA-DF2953D22442}"
EndProject
Project("{9A19103F-16F7-4668-BE54-9A1E7A4F7556}") = "Cadenza.API", "Cadenza.API\Cadenza.API\Cadenza.API\Cadenza.API.csproj", "{09F3D5A2-0BCF-4372-A759-1B212342EC93}"
EndProject
Project("{9A19103F-16F7-4668-BE54-9A1E7A4F7556}") = "Cadenza.API.Core", "Cadenza.API\Cadenza.API.Core\Cadenza.API.Core.csproj", "{201BD327-31C4-432A-9595-892A37B119D1}"
EndProject
Project("{9A19103F-16F7-4668-BE54-9A1E7A4F7556}") = "Cadenza.API.Database", "Cadenza.API\Cadenza.API.Database\Cadenza.API.Database.csproj", "{9671496D-C174-4D16-9B6C-BB4BDBFB546F}"
EndProject
Project("{9A19103F-16F7-4668-BE54-9A1E7A4F7556}") = "Cadenza.API.LastFM", "Cadenza.API\Cadenza.API.LastFM\Cadenza.API.LastFM.csproj", "{7EC9033C-06D6-4A78-A5D4-DF7D7A038C0C}"
EndProject
Project("{9A19103F-16F7-4668-BE54-9A1E7A4F7556}") = "Cadenza.Web.Core", "Cadenza\Cadenza.Web.Core\Cadenza.Web.Core.csproj", "{E2086781-D052-47AA-9600-D1AFFD83A4C1}"
EndProject
Project("{9A19103F-16F7-4668-BE54-9A1E7A4F7556}") = "Cadenza.Web.Database", "Cadenza\Cadenza.Web.Database\Cadenza.Web.Database.csproj", "{15CE547D-7282-4C2D-8021-6F326195F9CC}"
EndProject
Project("{9A19103F-16F7-4668-BE54-9A1E7A4F7556}") = "Cadenza.Web.LastFM", "Cadenza\Cadenza.Web.LastFM\Cadenza.Web.LastFM.csproj", "{ECF8BDF5-741E-4293-9A84-9BA81F20C1C3}"
EndProject
Project("{9A19103F-16F7-4668-BE54-9A1E7A4F7556}") = "Cadenza.Web.Common", "Cadenza\Cadenza.Web.Common\Cadenza.Web.Common.csproj", "{AE154420-E8A7-48A4-BF81-0D9EAC310DBC}"
EndProject
Project("{2150E333-8FDC-42A3-9474-1A3956D46DE8}") = "Connections", "Connections", "{38BED4B0-949D-4861-B741-C64C60E4E72D}"
EndProject
Project("{9A19103F-16F7-4668-BE54-9A1E7A4F7556}") = "Cadenza.Web.Source.Local", "Cadenza\Cadenza.Web.Source.Local\Cadenza.Web.Source.Local.csproj", "{B6787034-6B63-47A7-952B-6A015FB6CFB2}"
EndProject
Project("{9A19103F-16F7-4668-BE54-9A1E7A4F7556}") = "Cadenza.SyncService", "Cadenza.SyncService\Cadenza.SyncService.csproj", "{C35256D3-2DA1-417A-A927-262A84B30AF9}"
EndProject
Project("{9A19103F-16F7-4668-BE54-9A1E7A4F7556}") = "Cadenza.Local.API.Core", "Cadenza.Local\Cadenza.Local.API.Core\Cadenza.Local.API.Core.csproj", "{6DBF2C02-2E02-469D-BA83-53A0E14D06BC}"
EndProject
Project("{9A19103F-16F7-4668-BE54-9A1E7A4F7556}") = "Cadenza.Local.API.Files", "Cadenza.Local\Cadenza.Local.API.Files\Cadenza.Local.API.Files.csproj", "{7054B490-B554-45F5-93A9-D6A060A1444C}"
EndProject
Project("{9A19103F-16F7-4668-BE54-9A1E7A4F7556}") = "Cadenza.Local.API.Common", "Cadenza.Local\Cadenza.Local.API.Common\Cadenza.Local.API.Common.csproj", "{1915E128-432D-4E4D-BFBB-B1A1EDE6C0FA}"
EndProject
Project("{9A19103F-16F7-4668-BE54-9A1E7A4F7556}") = "Cadenza.API.Interfaces", "Cadenza.API\Cadenza.API.Interfaces\Cadenza.API.Interfaces.csproj", "{C090CFB0-580E-49C7-B61E-23C96696220D}"
EndProject
Project("{2150E333-8FDC-42A3-9474-1A3956D46DE8}") = "Apps", "Apps", "{B177EE50-0AF5-4F95-BC4B-81E4559C5BD9}"
EndProject
Project("{9A19103F-16F7-4668-BE54-9A1E7A4F7556}") = "Cadenza.Apps", "Cadenza.Apps\Cadenza.Apps\Cadenza.Apps.csproj", "{5D6351CD-719A-4A5A-AF47-19BA02F86DA0}"
EndProject
Project("{9A19103F-16F7-4668-BE54-9A1E7A4F7556}") = "Cadenza.Apps.WindowsService", "Cadenza.Apps\Cadenza.Apps.WindowsService\Cadenza.Apps.WindowsService.csproj", "{4BFD3B4A-1383-4FDA-99E6-063A17BB38C3}"
EndProject
Project("{9A19103F-16F7-4668-BE54-9A1E7A4F7556}") = "Cadenza.Apps.API", "Cadenza.Apps\Cadenza.Apps.API\Cadenza.Apps.API.csproj", "{AEC922DE-B2A0-47AC-BD19-BEF24B4C2613}"
EndProject
Project("{9A19103F-16F7-4668-BE54-9A1E7A4F7556}") = "Cadenza.Web.Components", "Cadenza\Cadenza.Web.Components\Cadenza.Web.Components.csproj", "{AE23AC89-AB88-4F9A-A42F-E908826101E4}"
EndProject
Project("{9A19103F-16F7-4668-BE54-9A1E7A4F7556}") = "Cadenza.Common.Domain", "Cadenza.Common\Cadenza.Common.Domain\Cadenza.Common.Domain.csproj", "{8412F444-AE68-4C7D-AB35-53AD69D036FB}"
EndProject
Project("{9A19103F-16F7-4668-BE54-9A1E7A4F7556}") = "Cadenza.Common.Interfaces", "Cadenza.Common\Cadenza.Common.Interfaces\Cadenza.Common.Interfaces.csproj", "{ED1C63E3-11EF-4383-83F3-04A145D9FB68}"
EndProject
Project("{9A19103F-16F7-4668-BE54-9A1E7A4F7556}") = "Cadenza.Common.Utilities", "Cadenza.Common\Cadenza.Common.Utilities\Cadenza.Common.Utilities.csproj", "{FD5ACC5E-E646-4476-923C-4A38427EACF3}"
EndProject
Project("{9A19103F-16F7-4668-BE54-9A1E7A4F7556}") = "Cadenza.Web.Player", "Cadenza\Cadenza.Web.Player\Cadenza.Web.Player.csproj", "{129DDEA0-6BE2-4FDF-B4E3-91FB81D27886}"
EndProject
Project("{9A19103F-16F7-4668-BE54-9A1E7A4F7556}") = "TestConsoleApp", "TestConsoleApp\TestConsoleApp.csproj", "{1E45A13F-C4FB-44C6-8315-D5DA3C7A9B16}"
EndProject
Project("{9A19103F-16F7-4668-BE54-9A1E7A4F7556}") = "Cadenza.Web.Info", "Cadenza\Cadenza.Web.Info\Cadenza.Web.Info.csproj", "{39F999B9-DF7B-486D-B4EF-ABD6BE3DC7D3}"
EndProject
Project("{FAE04EC0-301F-11D3-BF4B-00C04F79EFBC}") = "Cadenza.API.Cache", "Cadenza.API\Cadenza.API.Cache\Cadenza.API.Cache.csproj", "{47C61613-FB09-4315-8ED0-0D567DDC748E}"
EndProject
Global
	GlobalSection(SolutionConfigurationPlatforms) = preSolution
		Debug|Any CPU = Debug|Any CPU
		Release|Any CPU = Release|Any CPU
	EndGlobalSection
	GlobalSection(ProjectConfigurationPlatforms) = postSolution
		{727820FC-72DE-49E4-8273-143C5EC338FA}.Debug|Any CPU.ActiveCfg = Debug|Any CPU
		{727820FC-72DE-49E4-8273-143C5EC338FA}.Debug|Any CPU.Build.0 = Debug|Any CPU
		{727820FC-72DE-49E4-8273-143C5EC338FA}.Release|Any CPU.ActiveCfg = Release|Any CPU
		{727820FC-72DE-49E4-8273-143C5EC338FA}.Release|Any CPU.Build.0 = Release|Any CPU
		{DB1EFD38-EFC4-45A0-BD5E-8A7D026CA125}.Debug|Any CPU.ActiveCfg = Debug|Any CPU
		{DB1EFD38-EFC4-45A0-BD5E-8A7D026CA125}.Debug|Any CPU.Build.0 = Debug|Any CPU
		{DB1EFD38-EFC4-45A0-BD5E-8A7D026CA125}.Release|Any CPU.ActiveCfg = Release|Any CPU
		{DB1EFD38-EFC4-45A0-BD5E-8A7D026CA125}.Release|Any CPU.Build.0 = Release|Any CPU
		{6CFF071B-4FFB-462C-B8DA-DF2953D22442}.Debug|Any CPU.ActiveCfg = Debug|Any CPU
		{6CFF071B-4FFB-462C-B8DA-DF2953D22442}.Debug|Any CPU.Build.0 = Debug|Any CPU
		{6CFF071B-4FFB-462C-B8DA-DF2953D22442}.Release|Any CPU.ActiveCfg = Release|Any CPU
		{6CFF071B-4FFB-462C-B8DA-DF2953D22442}.Release|Any CPU.Build.0 = Release|Any CPU
		{09F3D5A2-0BCF-4372-A759-1B212342EC93}.Debug|Any CPU.ActiveCfg = Debug|Any CPU
		{09F3D5A2-0BCF-4372-A759-1B212342EC93}.Debug|Any CPU.Build.0 = Debug|Any CPU
		{09F3D5A2-0BCF-4372-A759-1B212342EC93}.Release|Any CPU.ActiveCfg = Release|Any CPU
		{09F3D5A2-0BCF-4372-A759-1B212342EC93}.Release|Any CPU.Build.0 = Release|Any CPU
		{201BD327-31C4-432A-9595-892A37B119D1}.Debug|Any CPU.ActiveCfg = Debug|Any CPU
		{201BD327-31C4-432A-9595-892A37B119D1}.Debug|Any CPU.Build.0 = Debug|Any CPU
		{201BD327-31C4-432A-9595-892A37B119D1}.Release|Any CPU.ActiveCfg = Release|Any CPU
		{201BD327-31C4-432A-9595-892A37B119D1}.Release|Any CPU.Build.0 = Release|Any CPU
		{9671496D-C174-4D16-9B6C-BB4BDBFB546F}.Debug|Any CPU.ActiveCfg = Debug|Any CPU
		{9671496D-C174-4D16-9B6C-BB4BDBFB546F}.Debug|Any CPU.Build.0 = Debug|Any CPU
		{9671496D-C174-4D16-9B6C-BB4BDBFB546F}.Release|Any CPU.ActiveCfg = Release|Any CPU
		{9671496D-C174-4D16-9B6C-BB4BDBFB546F}.Release|Any CPU.Build.0 = Release|Any CPU
		{7EC9033C-06D6-4A78-A5D4-DF7D7A038C0C}.Debug|Any CPU.ActiveCfg = Debug|Any CPU
		{7EC9033C-06D6-4A78-A5D4-DF7D7A038C0C}.Debug|Any CPU.Build.0 = Debug|Any CPU
		{7EC9033C-06D6-4A78-A5D4-DF7D7A038C0C}.Release|Any CPU.ActiveCfg = Release|Any CPU
		{7EC9033C-06D6-4A78-A5D4-DF7D7A038C0C}.Release|Any CPU.Build.0 = Release|Any CPU
		{E2086781-D052-47AA-9600-D1AFFD83A4C1}.Debug|Any CPU.ActiveCfg = Debug|Any CPU
		{E2086781-D052-47AA-9600-D1AFFD83A4C1}.Debug|Any CPU.Build.0 = Debug|Any CPU
		{E2086781-D052-47AA-9600-D1AFFD83A4C1}.Release|Any CPU.ActiveCfg = Release|Any CPU
		{E2086781-D052-47AA-9600-D1AFFD83A4C1}.Release|Any CPU.Build.0 = Release|Any CPU
		{15CE547D-7282-4C2D-8021-6F326195F9CC}.Debug|Any CPU.ActiveCfg = Debug|Any CPU
		{15CE547D-7282-4C2D-8021-6F326195F9CC}.Debug|Any CPU.Build.0 = Debug|Any CPU
		{15CE547D-7282-4C2D-8021-6F326195F9CC}.Release|Any CPU.ActiveCfg = Release|Any CPU
		{15CE547D-7282-4C2D-8021-6F326195F9CC}.Release|Any CPU.Build.0 = Release|Any CPU
		{ECF8BDF5-741E-4293-9A84-9BA81F20C1C3}.Debug|Any CPU.ActiveCfg = Debug|Any CPU
		{ECF8BDF5-741E-4293-9A84-9BA81F20C1C3}.Debug|Any CPU.Build.0 = Debug|Any CPU
		{ECF8BDF5-741E-4293-9A84-9BA81F20C1C3}.Release|Any CPU.ActiveCfg = Release|Any CPU
		{ECF8BDF5-741E-4293-9A84-9BA81F20C1C3}.Release|Any CPU.Build.0 = Release|Any CPU
		{AE154420-E8A7-48A4-BF81-0D9EAC310DBC}.Debug|Any CPU.ActiveCfg = Debug|Any CPU
		{AE154420-E8A7-48A4-BF81-0D9EAC310DBC}.Debug|Any CPU.Build.0 = Debug|Any CPU
		{AE154420-E8A7-48A4-BF81-0D9EAC310DBC}.Release|Any CPU.ActiveCfg = Release|Any CPU
		{AE154420-E8A7-48A4-BF81-0D9EAC310DBC}.Release|Any CPU.Build.0 = Release|Any CPU
		{B6787034-6B63-47A7-952B-6A015FB6CFB2}.Debug|Any CPU.ActiveCfg = Debug|Any CPU
		{B6787034-6B63-47A7-952B-6A015FB6CFB2}.Debug|Any CPU.Build.0 = Debug|Any CPU
		{B6787034-6B63-47A7-952B-6A015FB6CFB2}.Release|Any CPU.ActiveCfg = Release|Any CPU
		{B6787034-6B63-47A7-952B-6A015FB6CFB2}.Release|Any CPU.Build.0 = Release|Any CPU
		{C35256D3-2DA1-417A-A927-262A84B30AF9}.Debug|Any CPU.ActiveCfg = Debug|Any CPU
		{C35256D3-2DA1-417A-A927-262A84B30AF9}.Debug|Any CPU.Build.0 = Debug|Any CPU
		{C35256D3-2DA1-417A-A927-262A84B30AF9}.Release|Any CPU.ActiveCfg = Release|Any CPU
		{C35256D3-2DA1-417A-A927-262A84B30AF9}.Release|Any CPU.Build.0 = Release|Any CPU
		{6DBF2C02-2E02-469D-BA83-53A0E14D06BC}.Debug|Any CPU.ActiveCfg = Debug|Any CPU
		{6DBF2C02-2E02-469D-BA83-53A0E14D06BC}.Debug|Any CPU.Build.0 = Debug|Any CPU
		{6DBF2C02-2E02-469D-BA83-53A0E14D06BC}.Release|Any CPU.ActiveCfg = Release|Any CPU
		{6DBF2C02-2E02-469D-BA83-53A0E14D06BC}.Release|Any CPU.Build.0 = Release|Any CPU
		{7054B490-B554-45F5-93A9-D6A060A1444C}.Debug|Any CPU.ActiveCfg = Debug|Any CPU
		{7054B490-B554-45F5-93A9-D6A060A1444C}.Debug|Any CPU.Build.0 = Debug|Any CPU
		{7054B490-B554-45F5-93A9-D6A060A1444C}.Release|Any CPU.ActiveCfg = Release|Any CPU
		{7054B490-B554-45F5-93A9-D6A060A1444C}.Release|Any CPU.Build.0 = Release|Any CPU
		{1915E128-432D-4E4D-BFBB-B1A1EDE6C0FA}.Debug|Any CPU.ActiveCfg = Debug|Any CPU
		{1915E128-432D-4E4D-BFBB-B1A1EDE6C0FA}.Debug|Any CPU.Build.0 = Debug|Any CPU
		{1915E128-432D-4E4D-BFBB-B1A1EDE6C0FA}.Release|Any CPU.ActiveCfg = Release|Any CPU
		{1915E128-432D-4E4D-BFBB-B1A1EDE6C0FA}.Release|Any CPU.Build.0 = Release|Any CPU
		{C090CFB0-580E-49C7-B61E-23C96696220D}.Debug|Any CPU.ActiveCfg = Debug|Any CPU
		{C090CFB0-580E-49C7-B61E-23C96696220D}.Debug|Any CPU.Build.0 = Debug|Any CPU
		{C090CFB0-580E-49C7-B61E-23C96696220D}.Release|Any CPU.ActiveCfg = Release|Any CPU
		{C090CFB0-580E-49C7-B61E-23C96696220D}.Release|Any CPU.Build.0 = Release|Any CPU
		{5D6351CD-719A-4A5A-AF47-19BA02F86DA0}.Debug|Any CPU.ActiveCfg = Debug|Any CPU
		{5D6351CD-719A-4A5A-AF47-19BA02F86DA0}.Debug|Any CPU.Build.0 = Debug|Any CPU
		{5D6351CD-719A-4A5A-AF47-19BA02F86DA0}.Release|Any CPU.ActiveCfg = Release|Any CPU
		{5D6351CD-719A-4A5A-AF47-19BA02F86DA0}.Release|Any CPU.Build.0 = Release|Any CPU
		{4BFD3B4A-1383-4FDA-99E6-063A17BB38C3}.Debug|Any CPU.ActiveCfg = Debug|Any CPU
		{4BFD3B4A-1383-4FDA-99E6-063A17BB38C3}.Debug|Any CPU.Build.0 = Debug|Any CPU
		{4BFD3B4A-1383-4FDA-99E6-063A17BB38C3}.Release|Any CPU.ActiveCfg = Release|Any CPU
		{4BFD3B4A-1383-4FDA-99E6-063A17BB38C3}.Release|Any CPU.Build.0 = Release|Any CPU
		{AEC922DE-B2A0-47AC-BD19-BEF24B4C2613}.Debug|Any CPU.ActiveCfg = Debug|Any CPU
		{AEC922DE-B2A0-47AC-BD19-BEF24B4C2613}.Debug|Any CPU.Build.0 = Debug|Any CPU
		{AEC922DE-B2A0-47AC-BD19-BEF24B4C2613}.Release|Any CPU.ActiveCfg = Release|Any CPU
		{AEC922DE-B2A0-47AC-BD19-BEF24B4C2613}.Release|Any CPU.Build.0 = Release|Any CPU
		{AE23AC89-AB88-4F9A-A42F-E908826101E4}.Debug|Any CPU.ActiveCfg = Debug|Any CPU
		{AE23AC89-AB88-4F9A-A42F-E908826101E4}.Debug|Any CPU.Build.0 = Debug|Any CPU
		{AE23AC89-AB88-4F9A-A42F-E908826101E4}.Release|Any CPU.ActiveCfg = Release|Any CPU
		{AE23AC89-AB88-4F9A-A42F-E908826101E4}.Release|Any CPU.Build.0 = Release|Any CPU
		{8412F444-AE68-4C7D-AB35-53AD69D036FB}.Debug|Any CPU.ActiveCfg = Debug|Any CPU
		{8412F444-AE68-4C7D-AB35-53AD69D036FB}.Debug|Any CPU.Build.0 = Debug|Any CPU
		{8412F444-AE68-4C7D-AB35-53AD69D036FB}.Release|Any CPU.ActiveCfg = Release|Any CPU
		{8412F444-AE68-4C7D-AB35-53AD69D036FB}.Release|Any CPU.Build.0 = Release|Any CPU
		{ED1C63E3-11EF-4383-83F3-04A145D9FB68}.Debug|Any CPU.ActiveCfg = Debug|Any CPU
		{ED1C63E3-11EF-4383-83F3-04A145D9FB68}.Debug|Any CPU.Build.0 = Debug|Any CPU
		{ED1C63E3-11EF-4383-83F3-04A145D9FB68}.Release|Any CPU.ActiveCfg = Release|Any CPU
		{ED1C63E3-11EF-4383-83F3-04A145D9FB68}.Release|Any CPU.Build.0 = Release|Any CPU
		{FD5ACC5E-E646-4476-923C-4A38427EACF3}.Debug|Any CPU.ActiveCfg = Debug|Any CPU
		{FD5ACC5E-E646-4476-923C-4A38427EACF3}.Debug|Any CPU.Build.0 = Debug|Any CPU
		{FD5ACC5E-E646-4476-923C-4A38427EACF3}.Release|Any CPU.ActiveCfg = Release|Any CPU
		{FD5ACC5E-E646-4476-923C-4A38427EACF3}.Release|Any CPU.Build.0 = Release|Any CPU
		{129DDEA0-6BE2-4FDF-B4E3-91FB81D27886}.Debug|Any CPU.ActiveCfg = Debug|Any CPU
		{129DDEA0-6BE2-4FDF-B4E3-91FB81D27886}.Debug|Any CPU.Build.0 = Debug|Any CPU
		{129DDEA0-6BE2-4FDF-B4E3-91FB81D27886}.Release|Any CPU.ActiveCfg = Release|Any CPU
		{129DDEA0-6BE2-4FDF-B4E3-91FB81D27886}.Release|Any CPU.Build.0 = Release|Any CPU
		{1E45A13F-C4FB-44C6-8315-D5DA3C7A9B16}.Debug|Any CPU.ActiveCfg = Debug|Any CPU
		{1E45A13F-C4FB-44C6-8315-D5DA3C7A9B16}.Debug|Any CPU.Build.0 = Debug|Any CPU
		{1E45A13F-C4FB-44C6-8315-D5DA3C7A9B16}.Release|Any CPU.ActiveCfg = Release|Any CPU
		{1E45A13F-C4FB-44C6-8315-D5DA3C7A9B16}.Release|Any CPU.Build.0 = Release|Any CPU
		{39F999B9-DF7B-486D-B4EF-ABD6BE3DC7D3}.Debug|Any CPU.ActiveCfg = Debug|Any CPU
		{39F999B9-DF7B-486D-B4EF-ABD6BE3DC7D3}.Debug|Any CPU.Build.0 = Debug|Any CPU
		{39F999B9-DF7B-486D-B4EF-ABD6BE3DC7D3}.Release|Any CPU.ActiveCfg = Release|Any CPU
		{39F999B9-DF7B-486D-B4EF-ABD6BE3DC7D3}.Release|Any CPU.Build.0 = Release|Any CPU
		{47C61613-FB09-4315-8ED0-0D567DDC748E}.Debug|Any CPU.ActiveCfg = Debug|Any CPU
		{47C61613-FB09-4315-8ED0-0D567DDC748E}.Debug|Any CPU.Build.0 = Debug|Any CPU
		{47C61613-FB09-4315-8ED0-0D567DDC748E}.Release|Any CPU.ActiveCfg = Release|Any CPU
		{47C61613-FB09-4315-8ED0-0D567DDC748E}.Release|Any CPU.Build.0 = Release|Any CPU
	EndGlobalSection
	GlobalSection(SolutionProperties) = preSolution
		HideSolutionNode = FALSE
	EndGlobalSection
	GlobalSection(NestedProjects) = preSolution
		{727820FC-72DE-49E4-8273-143C5EC338FA} = {1D87E2CA-5053-4DB2-ABBB-D933C9C71435}
		{DB1EFD38-EFC4-45A0-BD5E-8A7D026CA125} = {8F390E8D-A249-454A-8446-6E9443D96585}
		{6CFF071B-4FFB-462C-B8DA-DF2953D22442} = {8F390E8D-A249-454A-8446-6E9443D96585}
		{09F3D5A2-0BCF-4372-A759-1B212342EC93} = {89F6ECE8-7907-4F76-9165-39696EA42F68}
		{201BD327-31C4-432A-9595-892A37B119D1} = {89F6ECE8-7907-4F76-9165-39696EA42F68}
		{9671496D-C174-4D16-9B6C-BB4BDBFB546F} = {89F6ECE8-7907-4F76-9165-39696EA42F68}
		{7EC9033C-06D6-4A78-A5D4-DF7D7A038C0C} = {89F6ECE8-7907-4F76-9165-39696EA42F68}
		{E2086781-D052-47AA-9600-D1AFFD83A4C1} = {1D87E2CA-5053-4DB2-ABBB-D933C9C71435}
		{15CE547D-7282-4C2D-8021-6F326195F9CC} = {38BED4B0-949D-4861-B741-C64C60E4E72D}
		{ECF8BDF5-741E-4293-9A84-9BA81F20C1C3} = {38BED4B0-949D-4861-B741-C64C60E4E72D}
		{AE154420-E8A7-48A4-BF81-0D9EAC310DBC} = {1D87E2CA-5053-4DB2-ABBB-D933C9C71435}
		{38BED4B0-949D-4861-B741-C64C60E4E72D} = {1D87E2CA-5053-4DB2-ABBB-D933C9C71435}
		{B6787034-6B63-47A7-952B-6A015FB6CFB2} = {38BED4B0-949D-4861-B741-C64C60E4E72D}
		{6DBF2C02-2E02-469D-BA83-53A0E14D06BC} = {8F390E8D-A249-454A-8446-6E9443D96585}
		{7054B490-B554-45F5-93A9-D6A060A1444C} = {8F390E8D-A249-454A-8446-6E9443D96585}
		{1915E128-432D-4E4D-BFBB-B1A1EDE6C0FA} = {8F390E8D-A249-454A-8446-6E9443D96585}
		{C090CFB0-580E-49C7-B61E-23C96696220D} = {89F6ECE8-7907-4F76-9165-39696EA42F68}
		{5D6351CD-719A-4A5A-AF47-19BA02F86DA0} = {B177EE50-0AF5-4F95-BC4B-81E4559C5BD9}
		{4BFD3B4A-1383-4FDA-99E6-063A17BB38C3} = {B177EE50-0AF5-4F95-BC4B-81E4559C5BD9}
		{AEC922DE-B2A0-47AC-BD19-BEF24B4C2613} = {B177EE50-0AF5-4F95-BC4B-81E4559C5BD9}
		{AE23AC89-AB88-4F9A-A42F-E908826101E4} = {1D87E2CA-5053-4DB2-ABBB-D933C9C71435}
		{8412F444-AE68-4C7D-AB35-53AD69D036FB} = {6854655D-1895-45C9-B100-5161B8F9C14C}
		{ED1C63E3-11EF-4383-83F3-04A145D9FB68} = {6854655D-1895-45C9-B100-5161B8F9C14C}
		{FD5ACC5E-E646-4476-923C-4A38427EACF3} = {6854655D-1895-45C9-B100-5161B8F9C14C}
		{129DDEA0-6BE2-4FDF-B4E3-91FB81D27886} = {1D87E2CA-5053-4DB2-ABBB-D933C9C71435}
		{39F999B9-DF7B-486D-B4EF-ABD6BE3DC7D3} = {38BED4B0-949D-4861-B741-C64C60E4E72D}
		{47C61613-FB09-4315-8ED0-0D567DDC748E} = {89F6ECE8-7907-4F76-9165-39696EA42F68}
	EndGlobalSection
	GlobalSection(ExtensibilityGlobals) = postSolution
		SolutionGuid = {EC17F3E1-56B9-47E8-83C4-C7358F820CD1}
	EndGlobalSection
EndGlobal
