
Microsoft Visual Studio Solution File, Format Version 12.00
# Visual Studio Version 17
VisualStudioVersion = 17.0.32014.148
MinimumVisualStudioVersion = 10.0.40219.1
Project("{9A19103F-16F7-4668-BE54-9A1E7A4F7556}") = "Cadenza.Spotify", "Cadenza.Spotify\Cadenza.Spotify.csproj", "{07543816-4401-40D3-8BC0-5BF38DB3039E}"
EndProject
Project("{9A19103F-16F7-4668-BE54-9A1E7A4F7556}") = "Cadenza.LastFM", "Cadenza.LastFM\Cadenza.LastFM.csproj", "{EE159F43-A351-4CBE-AEA2-F5EC1A2FE809}"
EndProject
Project("{9A19103F-16F7-4668-BE54-9A1E7A4F7556}") = "Cadenza.Azure", "Cadenza.Azure\Cadenza.Azure.csproj", "{73D95C53-166B-4C7F-99D8-333D59C8B478}"
EndProject
Project("{9A19103F-16F7-4668-BE54-9A1E7A4F7556}") = "Cadenza.API", "Cadenza.API\Cadenza.API\Cadenza.API.csproj", "{1BC1AD7E-3C22-4FED-8EBC-DB618FF5AC14}"
EndProject
Global
	GlobalSection(SolutionConfigurationPlatforms) = preSolution
		Debug|Any CPU = Debug|Any CPU
		Release|Any CPU = Release|Any CPU
	EndGlobalSection
	GlobalSection(ProjectConfigurationPlatforms) = postSolution
		{07543816-4401-40D3-8BC0-5BF38DB3039E}.Debug|Any CPU.ActiveCfg = Debug|Any CPU
		{07543816-4401-40D3-8BC0-5BF38DB3039E}.Debug|Any CPU.Build.0 = Debug|Any CPU
		{07543816-4401-40D3-8BC0-5BF38DB3039E}.Release|Any CPU.ActiveCfg = Release|Any CPU
		{07543816-4401-40D3-8BC0-5BF38DB3039E}.Release|Any CPU.Build.0 = Release|Any CPU
		{EE159F43-A351-4CBE-AEA2-F5EC1A2FE809}.Debug|Any CPU.ActiveCfg = Debug|Any CPU
		{EE159F43-A351-4CBE-AEA2-F5EC1A2FE809}.Debug|Any CPU.Build.0 = Debug|Any CPU
		{EE159F43-A351-4CBE-AEA2-F5EC1A2FE809}.Release|Any CPU.ActiveCfg = Release|Any CPU
		{EE159F43-A351-4CBE-AEA2-F5EC1A2FE809}.Release|Any CPU.Build.0 = Release|Any CPU
		{73D95C53-166B-4C7F-99D8-333D59C8B478}.Debug|Any CPU.ActiveCfg = Debug|Any CPU
		{73D95C53-166B-4C7F-99D8-333D59C8B478}.Debug|Any CPU.Build.0 = Debug|Any CPU
		{73D95C53-166B-4C7F-99D8-333D59C8B478}.Release|Any CPU.ActiveCfg = Release|Any CPU
		{73D95C53-166B-4C7F-99D8-333D59C8B478}.Release|Any CPU.Build.0 = Release|Any CPU
		{1BC1AD7E-3C22-4FED-8EBC-DB618FF5AC14}.Debug|Any CPU.ActiveCfg = Debug|Any CPU
		{1BC1AD7E-3C22-4FED-8EBC-DB618FF5AC14}.Debug|Any CPU.Build.0 = Debug|Any CPU
		{1BC1AD7E-3C22-4FED-8EBC-DB618FF5AC14}.Release|Any CPU.ActiveCfg = Release|Any CPU
		{1BC1AD7E-3C22-4FED-8EBC-DB618FF5AC14}.Release|Any CPU.Build.0 = Release|Any CPU
	EndGlobalSection
	GlobalSection(SolutionProperties) = preSolution
		HideSolutionNode = FALSE
	EndGlobalSection
	GlobalSection(ExtensibilityGlobals) = postSolution
		SolutionGuid = {4E97C910-5C07-4C62-A42C-40FE214D6F8E}
	EndGlobalSection
EndGlobal
