
Microsoft Visual Studio Solution File, Format Version 12.00
# Visual Studio Version 17
VisualStudioVersion = 17.0.32014.148
MinimumVisualStudioVersion = 10.0.40219.1
Project("{9A19103F-16F7-4668-BE54-9A1E7A4F7556}") = "Cadenza.Spotify", "Cadenza.Spotify\Cadenza.Spotify.csproj", "{07543816-4401-40D3-8BC0-5BF38DB3039E}"
EndProject
Project("{9A19103F-16F7-4668-BE54-9A1E7A4F7556}") = "Cadenza.LastFM", "Cadenza.LastFM\Cadenza.LastFM.csproj", "{EE159F43-A351-4CBE-AEA2-F5EC1A2FE809}"
EndProject
Project("{9A19103F-16F7-4668-BE54-9A1E7A4F7556}") = "Cadenza.Azure", "Cadenza.Azure\Cadenza.Azure.csproj", "{73D95C53-166B-4C7F-99D8-333D59C8B478}"
EndProject
Project("{9A19103F-16F7-4668-BE54-9A1E7A4F7556}") = "Cadenza.API", "Cadenza.API\Cadenza.API\Cadenza.API.csproj", "{1BC1AD7E-3C22-4FED-8EBC-DB618FF5AC14}"
EndProject
Project("{9A19103F-16F7-4668-BE54-9A1E7A4F7556}") = "Cadenza.API.Core", "Cadenza.API.Core\Cadenza.API.Core.csproj", "{C9754868-E642-4A23-B185-DD4F6A468696}"
EndProject
Project("{9A19103F-16F7-4668-BE54-9A1E7A4F7556}") = "Cadenza.API.Wrapper.Spotify", "Cadenza.API.Wrapper.Spotify\Cadenza.API.Wrapper.Spotify.csproj", "{DC5E768E-4281-4DC4-B388-4614062A5567}"
EndProject
Project("{2150E333-8FDC-42A3-9474-1A3956D46DE8}") = "Wrappers", "Wrappers", "{6354D789-D464-4425-AFA1-1191A1E3DA7B}"
EndProject
Project("{9A19103F-16F7-4668-BE54-9A1E7A4F7556}") = "Cadenza.API.Wrapper.Core", "Cadenza.API.Wrapper.Core\Cadenza.API.Wrapper.Core.csproj", "{824D31CF-A26D-41F6-B99E-69A59F22C6A4}"
EndProject
Project("{2150E333-8FDC-42A3-9474-1A3956D46DE8}") = "API", "API", "{2EC8306F-8722-4017-B82D-6D3CDCC14E1B}"
EndProject
Project("{9A19103F-16F7-4668-BE54-9A1E7A4F7556}") = "Cadenza.API.Wrapper.LastFM", "Cadenza.API.Wrapper.LastFM\Cadenza.API.Wrapper.LastFM.csproj", "{11F266A7-F31F-4869-9D16-EF4973BA1D36}"
EndProject
Global
	GlobalSection(SolutionConfigurationPlatforms) = preSolution
		Debug|Any CPU = Debug|Any CPU
		Release|Any CPU = Release|Any CPU
	EndGlobalSection
	GlobalSection(ProjectConfigurationPlatforms) = postSolution
		{07543816-4401-40D3-8BC0-5BF38DB3039E}.Debug|Any CPU.ActiveCfg = Debug|Any CPU
		{07543816-4401-40D3-8BC0-5BF38DB3039E}.Debug|Any CPU.Build.0 = Debug|Any CPU
		{07543816-4401-40D3-8BC0-5BF38DB3039E}.Release|Any CPU.ActiveCfg = Release|Any CPU
		{07543816-4401-40D3-8BC0-5BF38DB3039E}.Release|Any CPU.Build.0 = Release|Any CPU
		{EE159F43-A351-4CBE-AEA2-F5EC1A2FE809}.Debug|Any CPU.ActiveCfg = Debug|Any CPU
		{EE159F43-A351-4CBE-AEA2-F5EC1A2FE809}.Debug|Any CPU.Build.0 = Debug|Any CPU
		{EE159F43-A351-4CBE-AEA2-F5EC1A2FE809}.Release|Any CPU.ActiveCfg = Release|Any CPU
		{EE159F43-A351-4CBE-AEA2-F5EC1A2FE809}.Release|Any CPU.Build.0 = Release|Any CPU
		{73D95C53-166B-4C7F-99D8-333D59C8B478}.Debug|Any CPU.ActiveCfg = Debug|Any CPU
		{73D95C53-166B-4C7F-99D8-333D59C8B478}.Debug|Any CPU.Build.0 = Debug|Any CPU
		{73D95C53-166B-4C7F-99D8-333D59C8B478}.Release|Any CPU.ActiveCfg = Release|Any CPU
		{73D95C53-166B-4C7F-99D8-333D59C8B478}.Release|Any CPU.Build.0 = Release|Any CPU
		{1BC1AD7E-3C22-4FED-8EBC-DB618FF5AC14}.Debug|Any CPU.ActiveCfg = Debug|Any CPU
		{1BC1AD7E-3C22-4FED-8EBC-DB618FF5AC14}.Debug|Any CPU.Build.0 = Debug|Any CPU
		{1BC1AD7E-3C22-4FED-8EBC-DB618FF5AC14}.Release|Any CPU.ActiveCfg = Release|Any CPU
		{1BC1AD7E-3C22-4FED-8EBC-DB618FF5AC14}.Release|Any CPU.Build.0 = Release|Any CPU
		{C9754868-E642-4A23-B185-DD4F6A468696}.Debug|Any CPU.ActiveCfg = Debug|Any CPU
		{C9754868-E642-4A23-B185-DD4F6A468696}.Debug|Any CPU.Build.0 = Debug|Any CPU
		{C9754868-E642-4A23-B185-DD4F6A468696}.Release|Any CPU.ActiveCfg = Release|Any CPU
		{C9754868-E642-4A23-B185-DD4F6A468696}.Release|Any CPU.Build.0 = Release|Any CPU
		{DC5E768E-4281-4DC4-B388-4614062A5567}.Debug|Any CPU.ActiveCfg = Debug|Any CPU
		{DC5E768E-4281-4DC4-B388-4614062A5567}.Debug|Any CPU.Build.0 = Debug|Any CPU
		{DC5E768E-4281-4DC4-B388-4614062A5567}.Release|Any CPU.ActiveCfg = Release|Any CPU
		{DC5E768E-4281-4DC4-B388-4614062A5567}.Release|Any CPU.Build.0 = Release|Any CPU
		{824D31CF-A26D-41F6-B99E-69A59F22C6A4}.Debug|Any CPU.ActiveCfg = Debug|Any CPU
		{824D31CF-A26D-41F6-B99E-69A59F22C6A4}.Debug|Any CPU.Build.0 = Debug|Any CPU
		{824D31CF-A26D-41F6-B99E-69A59F22C6A4}.Release|Any CPU.ActiveCfg = Release|Any CPU
		{824D31CF-A26D-41F6-B99E-69A59F22C6A4}.Release|Any CPU.Build.0 = Release|Any CPU
		{11F266A7-F31F-4869-9D16-EF4973BA1D36}.Debug|Any CPU.ActiveCfg = Debug|Any CPU
		{11F266A7-F31F-4869-9D16-EF4973BA1D36}.Debug|Any CPU.Build.0 = Debug|Any CPU
		{11F266A7-F31F-4869-9D16-EF4973BA1D36}.Release|Any CPU.ActiveCfg = Release|Any CPU
		{11F266A7-F31F-4869-9D16-EF4973BA1D36}.Release|Any CPU.Build.0 = Release|Any CPU
	EndGlobalSection
	GlobalSection(SolutionProperties) = preSolution
		HideSolutionNode = FALSE
	EndGlobalSection
	GlobalSection(NestedProjects) = preSolution
		{07543816-4401-40D3-8BC0-5BF38DB3039E} = {2EC8306F-8722-4017-B82D-6D3CDCC14E1B}
		{EE159F43-A351-4CBE-AEA2-F5EC1A2FE809} = {2EC8306F-8722-4017-B82D-6D3CDCC14E1B}
		{73D95C53-166B-4C7F-99D8-333D59C8B478} = {2EC8306F-8722-4017-B82D-6D3CDCC14E1B}
		{1BC1AD7E-3C22-4FED-8EBC-DB618FF5AC14} = {2EC8306F-8722-4017-B82D-6D3CDCC14E1B}
		{DC5E768E-4281-4DC4-B388-4614062A5567} = {6354D789-D464-4425-AFA1-1191A1E3DA7B}
		{824D31CF-A26D-41F6-B99E-69A59F22C6A4} = {6354D789-D464-4425-AFA1-1191A1E3DA7B}
		{11F266A7-F31F-4869-9D16-EF4973BA1D36} = {6354D789-D464-4425-AFA1-1191A1E3DA7B}
	EndGlobalSection
	GlobalSection(ExtensibilityGlobals) = postSolution
		SolutionGuid = {4E97C910-5C07-4C62-A42C-40FE214D6F8E}
	EndGlobalSection
EndGlobal
