
Microsoft Visual Studio Solution File, Format Version 12.00
# Visual Studio Version 17
VisualStudioVersion = 17.0.32014.148
MinimumVisualStudioVersion = 10.0.40219.1
Project("{FAE04EC0-301F-11D3-BF4B-00C04F79EFBC}") = "Cadenza.API", "Cadenza.API\Cadenza.API.csproj", "{61664F5E-DBDF-4633-A5E8-1A586AF023F2}"
EndProject
Global
	GlobalSection(SolutionConfigurationPlatforms) = preSolution
		Debug|Any CPU = Debug|Any CPU
		Release|Any CPU = Release|Any CPU
	EndGlobalSection
	GlobalSection(ProjectConfigurationPlatforms) = postSolution
		{61664F5E-DBDF-4633-A5E8-1A586AF023F2}.Debug|Any CPU.ActiveCfg = Debug|Any CPU
		{61664F5E-DBDF-4633-A5E8-1A586AF023F2}.Debug|Any CPU.Build.0 = Debug|Any CPU
		{61664F5E-DBDF-4633-A5E8-1A586AF023F2}.Release|Any CPU.ActiveCfg = Release|Any CPU
		{61664F5E-DBDF-4633-A5E8-1A586AF023F2}.Release|Any CPU.Build.0 = Release|Any CPU
	EndGlobalSection
	GlobalSection(SolutionProperties) = preSolution
		HideSolutionNode = FALSE
	EndGlobalSection
	GlobalSection(ExtensibilityGlobals) = postSolution
		SolutionGuid = {4E97C910-5C07-4C62-A42C-40FE214D6F8E}
	EndGlobalSection
EndGlobal
